PODS:
  - Alamofire (4.4.0)
  - Realm (2.8.0):
    - Realm/Headers (= 2.8.0)
  - Realm/Headers (2.8.0)
  - RealmSwift (2.8.0):
    - Realm (= 2.8.0)
  - SwiftGifOrigin (1.6.1)

DEPENDENCIES:
  - Alamofire
  - RealmSwift
  - SwiftGifOrigin (~> 1.6.1)

SPEC CHECKSUMS:
  Alamofire: dc44b1600b800eb63da6a19039a0083d62a6a62d
  Realm: 929243ad2b618b3232e70658bedc61110e7563f1
  RealmSwift: 5b7079b891f2833d1849294161ba3e092bbda3f6
  SwiftGifOrigin: d6679d3ebe9df2e049a84bc52582635107b581f6

PODFILE CHECKSUM: 69e4d64288831b6ff544794f98331b4d91c6899f

COCOAPODS: 1.2.1
