// !$*UTF8*$!
{
	archiveVersion = 1;
	classes = {
	};
	objectVersion = 46;
	objects = {

/* Begin PBXBuildFile section */
		59F15BB34F4957098C6CA8C4 /* Pods_myWeather.framework in Frameworks */ = {isa = PBXBuildFile; fileRef = E06CDB53E4E21D4BA5C8F7F9 /* Pods_myWeather.framework */; };
		654B4D4D9557E0361788B942 /* Pods_iweather.framework in Frameworks */ = {isa = PBXBuildFile; fileRef = E202ADDA2A4B9ECD06F93CF6 /* Pods_iweather.framework */; };
		8309BA6F1EFA01370055A13A /* Assets.xcassets in Resources */ = {isa = PBXBuildFile; fileRef = 8309BA6E1EFA01370055A13A /* Assets.xcassets */; };
		841039121F15B397002A77D8 /* backgoundetail2.png in Resources */ = {isa = PBXBuildFile; fileRef = 841039111F15B397002A77D8 /* backgoundetail2.png */; };
		841A2AB31F05E7210052FC4E /* DataTempHours.swift in Sources */ = {isa = PBXBuildFile; fileRef = 841A2AB21F05E7210052FC4E /* DataTempHours.swift */; };
		841B5F871EFB79D800632357 /* EZLoadingActivity.swift in Sources */ = {isa = PBXBuildFile; fileRef = 841B5F861EFB79D800632357 /* EZLoadingActivity.swift */; };
		841B5F8D1EFB993500632357 /* CellLast.swift in Sources */ = {isa = PBXBuildFile; fileRef = 841B5F891EFB993500632357 /* CellLast.swift */; };
		841B5F8E1EFB993500632357 /* CellLast.xib in Resources */ = {isa = PBXBuildFile; fileRef = 841B5F8A1EFB993500632357 /* CellLast.xib */; };
		841B5F8F1EFB993500632357 /* CellWeather.swift in Sources */ = {isa = PBXBuildFile; fileRef = 841B5F8B1EFB993500632357 /* CellWeather.swift */; };
		841B5F901EFB993500632357 /* CellWeather.xib in Resources */ = {isa = PBXBuildFile; fileRef = 841B5F8C1EFB993500632357 /* CellWeather.xib */; };
		841B5F971EFBA12500632357 /* TempHoursHeaderInSection.swift in Sources */ = {isa = PBXBuildFile; fileRef = 841B5F961EFBA12500632357 /* TempHoursHeaderInSection.swift */; };
		842919BB1EFBAF28001FB6F5 /* TempHoursHeaderInSection.xib in Resources */ = {isa = PBXBuildFile; fileRef = 842919BA1EFBAF28001FB6F5 /* TempHoursHeaderInSection.xib */; };
		84309D821F0390AA002B5CD0 /* 1234.png in Resources */ = {isa = PBXBuildFile; fileRef = 84309D811F0390AA002B5CD0 /* 1234.png */; };
		84309D851F03AE63002B5CD0 /* TempTimeCell.swift in Sources */ = {isa = PBXBuildFile; fileRef = 84309D831F03AE63002B5CD0 /* TempTimeCell.swift */; };
		84309D861F03AE63002B5CD0 /* TempTimeCell.xib in Resources */ = {isa = PBXBuildFile; fileRef = 84309D841F03AE63002B5CD0 /* TempTimeCell.xib */; };
		843248AD1EF759E3001A2C86 /* AppDelegate.swift in Sources */ = {isa = PBXBuildFile; fileRef = 843248AC1EF759E3001A2C86 /* AppDelegate.swift */; };
		843248B71EF759E3001A2C86 /* LaunchScreen.storyboard in Resources */ = {isa = PBXBuildFile; fileRef = 843248B51EF759E3001A2C86 /* LaunchScreen.storyboard */; };
		843248C51EF75AEE001A2C86 /* HomeVC.swift in Sources */ = {isa = PBXBuildFile; fileRef = 843248C41EF75AEE001A2C86 /* HomeVC.swift */; };
		843248C81EF7614E001A2C86 /* NetworkManager.swift in Sources */ = {isa = PBXBuildFile; fileRef = 843248C71EF7614E001A2C86 /* NetworkManager.swift */; };
		843248CE1EF764B2001A2C86 /* plus.png in Resources */ = {isa = PBXBuildFile; fileRef = 843248CD1EF764B2001A2C86 /* plus.png */; };
		843248D01EF76CFD001A2C86 /* SearchVC.swift in Sources */ = {isa = PBXBuildFile; fileRef = 843248CF1EF76CFD001A2C86 /* SearchVC.swift */; };
		843248D31EF7704E001A2C86 /* IweatheModel.swift in Sources */ = {isa = PBXBuildFile; fileRef = 843248D21EF7704E001A2C86 /* IweatheModel.swift */; };
		843248D91EF7E191001A2C86 /* HomeDetailVC.swift in Sources */ = {isa = PBXBuildFile; fileRef = 843248D81EF7E191001A2C86 /* HomeDetailVC.swift */; };
		843248DB1EF7E6AD001A2C86 /* menu.png in Resources */ = {isa = PBXBuildFile; fileRef = 843248DA1EF7E6AD001A2C86 /* menu.png */; };
		8432EEFF1F20972D0003428C /* NVActivityIndicatorAnimationAudioEqualizer.swift in Sources */ = {isa = PBXBuildFile; fileRef = 8432EED91F20972D0003428C /* NVActivityIndicatorAnimationAudioEqualizer.swift */; };
		8432EF001F20972D0003428C /* NVActivityIndicatorAnimationBallBeat.swift in Sources */ = {isa = PBXBuildFile; fileRef = 8432EEDA1F20972D0003428C /* NVActivityIndicatorAnimationBallBeat.swift */; };
		8432EF011F20972D0003428C /* NVActivityIndicatorAnimationBallClipRotate.swift in Sources */ = {isa = PBXBuildFile; fileRef = 8432EEDB1F20972D0003428C /* NVActivityIndicatorAnimationBallClipRotate.swift */; };
		8432EF021F20972D0003428C /* NVActivityIndicatorAnimationBallClipRotateMultiple.swift in Sources */ = {isa = PBXBuildFile; fileRef = 8432EEDC1F20972D0003428C /* NVActivityIndicatorAnimationBallClipRotateMultiple.swift */; };
		8432EF031F20972D0003428C /* NVActivityIndicatorAnimationBallClipRotatePulse.swift in Sources */ = {isa = PBXBuildFile; fileRef = 8432EEDD1F20972D0003428C /* NVActivityIndicatorAnimationBallClipRotatePulse.swift */; };
		8432EF041F20972D0003428C /* NVActivityIndicatorAnimationBallGridBeat.swift in Sources */ = {isa = PBXBuildFile; fileRef = 8432EEDE1F20972D0003428C /* NVActivityIndicatorAnimationBallGridBeat.swift */; };
		8432EF051F20972D0003428C /* NVActivityIndicatorAnimationBallGridPulse.swift in Sources */ = {isa = PBXBuildFile; fileRef = 8432EEDF1F20972D0003428C /* NVActivityIndicatorAnimationBallGridPulse.swift */; };
		8432EF061F20972D0003428C /* NVActivityIndicatorAnimationBallPulse.swift in Sources */ = {isa = PBXBuildFile; fileRef = 8432EEE01F20972D0003428C /* NVActivityIndicatorAnimationBallPulse.swift */; };
		8432EF071F20972D0003428C /* NVActivityIndicatorAnimationBallPulseRise.swift in Sources */ = {isa = PBXBuildFile; fileRef = 8432EEE11F20972D0003428C /* NVActivityIndicatorAnimationBallPulseRise.swift */; };
		8432EF081F20972D0003428C /* NVActivityIndicatorAnimationBallPulseSync.swift in Sources */ = {isa = PBXBuildFile; fileRef = 8432EEE21F20972D0003428C /* NVActivityIndicatorAnimationBallPulseSync.swift */; };
		8432EF091F20972D0003428C /* NVActivityIndicatorAnimationBallRotate.swift in Sources */ = {isa = PBXBuildFile; fileRef = 8432EEE31F20972D0003428C /* NVActivityIndicatorAnimationBallRotate.swift */; };
		8432EF0A1F20972D0003428C /* NVActivityIndicatorAnimationBallRotateChase.swift in Sources */ = {isa = PBXBuildFile; fileRef = 8432EEE41F20972D0003428C /* NVActivityIndicatorAnimationBallRotateChase.swift */; };
		8432EF0B1F20972D0003428C /* NVActivityIndicatorAnimationBallScale.swift in Sources */ = {isa = PBXBuildFile; fileRef = 8432EEE51F20972D0003428C /* NVActivityIndicatorAnimationBallScale.swift */; };
		8432EF0C1F20972D0003428C /* NVActivityIndicatorAnimationBallScaleMultiple.swift in Sources */ = {isa = PBXBuildFile; fileRef = 8432EEE61F20972D0003428C /* NVActivityIndicatorAnimationBallScaleMultiple.swift */; };
		8432EF0D1F20972D0003428C /* NVActivityIndicatorAnimationBallScaleRipple.swift in Sources */ = {isa = PBXBuildFile; fileRef = 8432EEE71F20972D0003428C /* NVActivityIndicatorAnimationBallScaleRipple.swift */; };
		8432EF0E1F20972D0003428C /* NVActivityIndicatorAnimationBallScaleRippleMultiple.swift in Sources */ = {isa = PBXBuildFile; fileRef = 8432EEE81F20972D0003428C /* NVActivityIndicatorAnimationBallScaleRippleMultiple.swift */; };
		8432EF0F1F20972D0003428C /* NVActivityIndicatorAnimationBallSpinFadeLoader.swift in Sources */ = {isa = PBXBuildFile; fileRef = 8432EEE91F20972D0003428C /* NVActivityIndicatorAnimationBallSpinFadeLoader.swift */; };
		8432EF101F20972D0003428C /* NVActivityIndicatorAnimationBallTrianglePath.swift in Sources */ = {isa = PBXBuildFile; fileRef = 8432EEEA1F20972D0003428C /* NVActivityIndicatorAnimationBallTrianglePath.swift */; };
		8432EF111F20972D0003428C /* NVActivityIndicatorAnimationBallZigZag.swift in Sources */ = {isa = PBXBuildFile; fileRef = 8432EEEB1F20972D0003428C /* NVActivityIndicatorAnimationBallZigZag.swift */; };
		8432EF121F20972D0003428C /* NVActivityIndicatorAnimationBallZigZagDeflect.swift in Sources */ = {isa = PBXBuildFile; fileRef = 8432EEEC1F20972D0003428C /* NVActivityIndicatorAnimationBallZigZagDeflect.swift */; };
		8432EF131F20972D0003428C /* NVActivityIndicatorAnimationBlank.swift in Sources */ = {isa = PBXBuildFile; fileRef = 8432EEED1F20972D0003428C /* NVActivityIndicatorAnimationBlank.swift */; };
		8432EF141F20972D0003428C /* NVActivityIndicatorAnimationCubeTransition.swift in Sources */ = {isa = PBXBuildFile; fileRef = 8432EEEE1F20972D0003428C /* NVActivityIndicatorAnimationCubeTransition.swift */; };
		8432EF151F20972D0003428C /* NVActivityIndicatorAnimationLineScale.swift in Sources */ = {isa = PBXBuildFile; fileRef = 8432EEEF1F20972D0003428C /* NVActivityIndicatorAnimationLineScale.swift */; };
		8432EF161F20972D0003428C /* NVActivityIndicatorAnimationLineScaleParty.swift in Sources */ = {isa = PBXBuildFile; fileRef = 8432EEF01F20972D0003428C /* NVActivityIndicatorAnimationLineScaleParty.swift */; };
		8432EF171F20972D0003428C /* NVActivityIndicatorAnimationLineScalePulseOut.swift in Sources */ = {isa = PBXBuildFile; fileRef = 8432EEF11F20972D0003428C /* NVActivityIndicatorAnimationLineScalePulseOut.swift */; };
		8432EF181F20972D0003428C /* NVActivityIndicatorAnimationLineScalePulseOutRapid.swift in Sources */ = {isa = PBXBuildFile; fileRef = 8432EEF21F20972D0003428C /* NVActivityIndicatorAnimationLineScalePulseOutRapid.swift */; };
		8432EF191F20972D0003428C /* NVActivityIndicatorAnimationLineSpinFadeLoader.swift in Sources */ = {isa = PBXBuildFile; fileRef = 8432EEF31F20972D0003428C /* NVActivityIndicatorAnimationLineSpinFadeLoader.swift */; };
		8432EF1A1F20972D0003428C /* NVActivityIndicatorAnimationOrbit.swift in Sources */ = {isa = PBXBuildFile; fileRef = 8432EEF41F20972D0003428C /* NVActivityIndicatorAnimationOrbit.swift */; };
		8432EF1B1F20972D0003428C /* NVActivityIndicatorAnimationPacman.swift in Sources */ = {isa = PBXBuildFile; fileRef = 8432EEF51F20972D0003428C /* NVActivityIndicatorAnimationPacman.swift */; };
		8432EF1C1F20972D0003428C /* NVActivityIndicatorAnimationSemiCircleSpin.swift in Sources */ = {isa = PBXBuildFile; fileRef = 8432EEF61F20972D0003428C /* NVActivityIndicatorAnimationSemiCircleSpin.swift */; };
		8432EF1D1F20972D0003428C /* NVActivityIndicatorAnimationSquareSpin.swift in Sources */ = {isa = PBXBuildFile; fileRef = 8432EEF71F20972D0003428C /* NVActivityIndicatorAnimationSquareSpin.swift */; };
		8432EF1E1F20972D0003428C /* NVActivityIndicatorAnimationTriangleSkewSpin.swift in Sources */ = {isa = PBXBuildFile; fileRef = 8432EEF81F20972D0003428C /* NVActivityIndicatorAnimationTriangleSkewSpin.swift */; };
		8432EF1F1F20972D0003428C /* NVActivityIndicatorAnimationDelegate.swift in Sources */ = {isa = PBXBuildFile; fileRef = 8432EEF91F20972D0003428C /* NVActivityIndicatorAnimationDelegate.swift */; };
		8432EF201F20972D0003428C /* NVActivityIndicatorShape.swift in Sources */ = {isa = PBXBuildFile; fileRef = 8432EEFA1F20972D0003428C /* NVActivityIndicatorShape.swift */; };
		8432EF211F20972D0003428C /* NVActivityIndicatorView.swift in Sources */ = {isa = PBXBuildFile; fileRef = 8432EEFB1F20972D0003428C /* NVActivityIndicatorView.swift */; };
		8432EF221F20972D0003428C /* NVActivityIndicatorPresenter.swift in Sources */ = {isa = PBXBuildFile; fileRef = 8432EEFD1F20972D0003428C /* NVActivityIndicatorPresenter.swift */; };
		8432EF231F20972D0003428C /* NVActivityIndicatorViewable.swift in Sources */ = {isa = PBXBuildFile; fileRef = 8432EEFE1F20972D0003428C /* NVActivityIndicatorViewable.swift */; };
		84363BE21F0DD02200BF20F4 /* Define.swift in Sources */ = {isa = PBXBuildFile; fileRef = 84363BE11F0DD02200BF20F4 /* Define.swift */; };
		84363BE41F0DD9AA00BF20F4 /* StatusWeather.swift in Sources */ = {isa = PBXBuildFile; fileRef = 84363BE31F0DD9AA00BF20F4 /* StatusWeather.swift */; };
		84363BE91F0E3DB400BF20F4 /* NetworkManager.swift in Sources */ = {isa = PBXBuildFile; fileRef = 843248C71EF7614E001A2C86 /* NetworkManager.swift */; };
		84363BEA1F0E3DB600BF20F4 /* DataTempHours.swift in Sources */ = {isa = PBXBuildFile; fileRef = 841A2AB21F05E7210052FC4E /* DataTempHours.swift */; };
		84363BEB1F0E3DBC00BF20F4 /* IweatheModel.swift in Sources */ = {isa = PBXBuildFile; fileRef = 843248D21EF7704E001A2C86 /* IweatheModel.swift */; };
		84363BEC1F0E3DC000BF20F4 /* ForecastModel.swift in Sources */ = {isa = PBXBuildFile; fileRef = 8475A2DC1EF9327A00412025 /* ForecastModel.swift */; };
		84363BED1F0E3DC300BF20F4 /* SearchModel.swift in Sources */ = {isa = PBXBuildFile; fileRef = 84C665751F00E287004604D8 /* SearchModel.swift */; };
		84363BEE1F0E3DCC00BF20F4 /* ResulfSearchModel.swift in Sources */ = {isa = PBXBuildFile; fileRef = 84C665771F00EF6E004604D8 /* ResulfSearchModel.swift */; };
		84363BEF1F0E3DCF00BF20F4 /* TempHoursModel.swift in Sources */ = {isa = PBXBuildFile; fileRef = 8466192A1F04F97800C2954D /* TempHoursModel.swift */; };
		845673F51F21AE700000D603 /* GooGleMapVC.swift in Sources */ = {isa = PBXBuildFile; fileRef = 845673F41F21AE700000D603 /* GooGleMapVC.swift */; };
		845673F91F21E40D0000D603 /* ViewMarke.xib in Resources */ = {isa = PBXBuildFile; fileRef = 845673F81F21E40D0000D603 /* ViewMarke.xib */; };
		845673FB1F21E4B00000D603 /* ViewMarke.swift in Sources */ = {isa = PBXBuildFile; fileRef = 845673FA1F21E4B00000D603 /* ViewMarke.swift */; };
		845673FD1F21EFBB0000D603 /* NibDesignable.swift in Sources */ = {isa = PBXBuildFile; fileRef = 845673FC1F21EFBB0000D603 /* NibDesignable.swift */; };
		845674011F22045C0000D603 /* fan12080.jpg in Resources */ = {isa = PBXBuildFile; fileRef = 845673FF1F22045C0000D603 /* fan12080.jpg */; };
		845674041F2206ED0000D603 /* WindCell.swift in Sources */ = {isa = PBXBuildFile; fileRef = 845674021F2206ED0000D603 /* WindCell.swift */; };
		845674051F2206ED0000D603 /* WindCell.xib in Resources */ = {isa = PBXBuildFile; fileRef = 845674031F2206ED0000D603 /* WindCell.xib */; };
		845674071F2208780000D603 /* fan404040.png in Resources */ = {isa = PBXBuildFile; fileRef = 845674061F2208780000D603 /* fan404040.png */; };
		845674091F221D190000D603 /* fan120801.png in Resources */ = {isa = PBXBuildFile; fileRef = 845674081F221D190000D603 /* fan120801.png */; };
		846619281F04A08E00C2954D /* sunrise.png in Resources */ = {isa = PBXBuildFile; fileRef = 846619261F04A08E00C2954D /* sunrise.png */; };
		846619291F04A08E00C2954D /* sunset.png in Resources */ = {isa = PBXBuildFile; fileRef = 846619271F04A08E00C2954D /* sunset.png */; };
		8466192B1F04F97800C2954D /* TempHoursModel.swift in Sources */ = {isa = PBXBuildFile; fileRef = 8466192A1F04F97800C2954D /* TempHoursModel.swift */; };
		8475A2DD1EF9327A00412025 /* ForecastModel.swift in Sources */ = {isa = PBXBuildFile; fileRef = 8475A2DC1EF9327A00412025 /* ForecastModel.swift */; };
		848E5C0A1F0B9F220098F4EF /* location.png in Resources */ = {isa = PBXBuildFile; fileRef = 848E5C091F0B9F220098F4EF /* location.png */; };
		8490980B1EFACE6900DA288F /* Pods_iweather.framework in Frameworks */ = {isa = PBXBuildFile; fileRef = 8490980A1EFACE6900DA288F /* Pods_iweather.framework */; };
		8490980D1EFAD0BD00DA288F /* Main.storyboard in Resources */ = {isa = PBXBuildFile; fileRef = 8490980C1EFAD0BD00DA288F /* Main.storyboard */; };
		84AA0F1D1F21A43A00CDA8D0 /* if_map.png in Resources */ = {isa = PBXBuildFile; fileRef = 84AA0F1C1F21A43A00CDA8D0 /* if_map.png */; };
		84AA0F1F1F21A4C400CDA8D0 /* mapGray1.png in Resources */ = {isa = PBXBuildFile; fileRef = 84AA0F1E1F21A4C400CDA8D0 /* mapGray1.png */; };
		84B72AEE1F14B34100367B0D /* location1.png in Resources */ = {isa = PBXBuildFile; fileRef = 84B72AED1F14B34100367B0D /* location1.png */; };
		84B72AF01F14BC3500367B0D /* backGround.jpg in Resources */ = {isa = PBXBuildFile; fileRef = 84B72AEF1F14BC3500367B0D /* backGround.jpg */; };
		84B72AF41F14D65700367B0D /* backgoundetail.jpeg in Resources */ = {isa = PBXBuildFile; fileRef = 84B72AF31F14D65700367B0D /* backgoundetail.jpeg */; };
		84B72AF61F14DB2200367B0D /* backgoundetail1.png in Resources */ = {isa = PBXBuildFile; fileRef = 84B72AF51F14DB2200367B0D /* backgoundetail1.png */; };
		84C665731F00DFE3004604D8 /* CellSearch.swift in Sources */ = {isa = PBXBuildFile; fileRef = 84C665711F00DFE3004604D8 /* CellSearch.swift */; };
		84C665741F00DFE3004604D8 /* CellSearch.xib in Resources */ = {isa = PBXBuildFile; fileRef = 84C665721F00DFE3004604D8 /* CellSearch.xib */; };
		84C665761F00E287004604D8 /* SearchModel.swift in Sources */ = {isa = PBXBuildFile; fileRef = 84C665751F00E287004604D8 /* SearchModel.swift */; };
		84C665781F00EF6E004604D8 /* ResulfSearchModel.swift in Sources */ = {isa = PBXBuildFile; fileRef = 84C665771F00EF6E004604D8 /* ResulfSearchModel.swift */; };
		84DD4BFB1F020254005120F2 /* InfoDetailLocation.swift in Sources */ = {isa = PBXBuildFile; fileRef = 84DD4BF91F020254005120F2 /* InfoDetailLocation.swift */; };
		84DD4BFC1F020254005120F2 /* InfoDetailLocation.xib in Resources */ = {isa = PBXBuildFile; fileRef = 84DD4BFA1F020254005120F2 /* InfoDetailLocation.xib */; };
		84DD4BFE1F021319005120F2 /* StringExtension.swift in Sources */ = {isa = PBXBuildFile; fileRef = 84DD4BFD1F021319005120F2 /* StringExtension.swift */; };
		84E9AAAE1F13650C00FFBCFE /* appleDot@2x.png in Resources */ = {isa = PBXBuildFile; fileRef = 84E9AA931F13650C00FFBCFE /* appleDot@2x.png */; };
		84E9AAAF1F13650C00FFBCFE /* appleMask.png in Resources */ = {isa = PBXBuildFile; fileRef = 84E9AA941F13650C00FFBCFE /* appleMask.png */; };
		84E9AAB01F13650C00FFBCFE /* appleMask@2x.png in Resources */ = {isa = PBXBuildFile; fileRef = 84E9AA951F13650C00FFBCFE /* appleMask@2x.png */; };
		84E9AAB11F13650C00FFBCFE /* currentAppleDot@2x.png in Resources */ = {isa = PBXBuildFile; fileRef = 84E9AA961F13650C00FFBCFE /* currentAppleDot@2x.png */; };
		84E9AAB21F13650C00FFBCFE /* currentPageDot@2x.png in Resources */ = {isa = PBXBuildFile; fileRef = 84E9AA971F13650C00FFBCFE /* currentPageDot@2x.png */; };
		84E9AAB31F13650C00FFBCFE /* currentSearchDot@2x.png in Resources */ = {isa = PBXBuildFile; fileRef = 84E9AA981F13650C00FFBCFE /* currentSearchDot@2x.png */; };
		84E9AAB41F13650C00FFBCFE /* Default-568h@2x.png in Resources */ = {isa = PBXBuildFile; fileRef = 84E9AA991F13650C00FFBCFE /* Default-568h@2x.png */; };
		84E9AAB51F13650C00FFBCFE /* Default.png in Resources */ = {isa = PBXBuildFile; fileRef = 84E9AA9A1F13650C00FFBCFE /* Default.png */; };
		84E9AAB61F13650C00FFBCFE /* Default@2x.png in Resources */ = {isa = PBXBuildFile; fileRef = 84E9AA9B1F13650C00FFBCFE /* Default@2x.png */; };
		84E9AABB1F13650C00FFBCFE /* pageDot@2x.png in Resources */ = {isa = PBXBuildFile; fileRef = 84E9AAA31F13650C00FFBCFE /* pageDot@2x.png */; };
		84E9AABC1F13650C00FFBCFE /* retro_intro@2x.png in Resources */ = {isa = PBXBuildFile; fileRef = 84E9AAA41F13650C00FFBCFE /* retro_intro@2x.png */; };
		84E9AABD1F13650C00FFBCFE /* searchDot@2x.png in Resources */ = {isa = PBXBuildFile; fileRef = 84E9AAA51F13650C00FFBCFE /* searchDot@2x.png */; };
		84E9AABE1F13650C00FFBCFE /* searchMask.png in Resources */ = {isa = PBXBuildFile; fileRef = 84E9AAA61F13650C00FFBCFE /* searchMask.png */; };
		84E9AABF1F13650C00FFBCFE /* searchMask@2x.png in Resources */ = {isa = PBXBuildFile; fileRef = 84E9AAA71F13650C00FFBCFE /* searchMask@2x.png */; };
		84E9AAC61F13653600FFBCFE /* SMPageControl.m in Sources */ = {isa = PBXBuildFile; fileRef = 84E9AAC51F13653600FFBCFE /* SMPageControl.m */; };
		84F302621F0CDFB0005D58C8 /* NotificationCenter.framework in Frameworks */ = {isa = PBXBuildFile; fileRef = 84F302611F0CDFB0005D58C8 /* NotificationCenter.framework */; };
		84F302651F0CDFB0005D58C8 /* TodayViewController.swift in Sources */ = {isa = PBXBuildFile; fileRef = 84F302641F0CDFB0005D58C8 /* TodayViewController.swift */; };
		84F302681F0CDFB0005D58C8 /* MainInterface.storyboard in Resources */ = {isa = PBXBuildFile; fileRef = 84F302661F0CDFB0005D58C8 /* MainInterface.storyboard */; };
		84F3026C1F0CDFB0005D58C8 /* myWeather.appex in Embed App Extensions */ = {isa = PBXBuildFile; fileRef = 84F302601F0CDFB0005D58C8 /* myWeather.appex */; settings = {ATTRIBUTES = (RemoveHeadersOnCopy, ); }; };
		84F36D561EFCFFBE0057B481 /* TempTenDayCell.swift in Sources */ = {isa = PBXBuildFile; fileRef = 84F36D541EFCFFBE0057B481 /* TempTenDayCell.swift */; };
		84F36D571EFCFFBE0057B481 /* TempTenDayCell.xib in Resources */ = {isa = PBXBuildFile; fileRef = 84F36D551EFCFFBE0057B481 /* TempTenDayCell.xib */; };
		84F36D5A1EFD054F0057B481 /* InfoLocationCell.swift in Sources */ = {isa = PBXBuildFile; fileRef = 84F36D581EFD054F0057B481 /* InfoLocationCell.swift */; };
		84F36D5B1EFD054F0057B481 /* InfoLocationCell.xib in Resources */ = {isa = PBXBuildFile; fileRef = 84F36D591EFD054F0057B481 /* InfoLocationCell.xib */; };
		84F36D5E1EFD05920057B481 /* InfoWeatherCell.swift in Sources */ = {isa = PBXBuildFile; fileRef = 84F36D5C1EFD05920057B481 /* InfoWeatherCell.swift */; };
		84F36D5F1EFD05920057B481 /* InfoWeatherCell.xib in Resources */ = {isa = PBXBuildFile; fileRef = 84F36D5D1EFD05920057B481 /* InfoWeatherCell.xib */; };
		84F5E5721F1714DC00A81B7F /* currentimgPage0.png in Resources */ = {isa = PBXBuildFile; fileRef = 84F5E5701F1714DC00A81B7F /* currentimgPage0.png */; };
		84F5E5741F1716A900A81B7F /* locationBlack.png in Resources */ = {isa = PBXBuildFile; fileRef = 84F5E5731F1716A900A81B7F /* locationBlack.png */; };
/* End PBXBuildFile section */

/* Begin PBXContainerItemProxy section */
		84F3026A1F0CDFB0005D58C8 /* PBXContainerItemProxy */ = {
			isa = PBXContainerItemProxy;
			containerPortal = 843248A11EF759E3001A2C86 /* Project object */;
			proxyType = 1;
			remoteGlobalIDString = 84F3025F1F0CDFB0005D58C8;
			remoteInfo = myWeather;
		};
/* End PBXContainerItemProxy section */

/* Begin PBXCopyFilesBuildPhase section */
		84F302701F0CDFB0005D58C8 /* Embed App Extensions */ = {
			isa = PBXCopyFilesBuildPhase;
			buildActionMask = 2147483647;
			dstPath = "";
			dstSubfolderSpec = 13;
			files = (
				84F3026C1F0CDFB0005D58C8 /* myWeather.appex in Embed App Extensions */,
			);
			name = "Embed App Extensions";
			runOnlyForDeploymentPostprocessing = 0;
		};
/* End PBXCopyFilesBuildPhase section */

/* Begin PBXFileReference section */
		15CC17203C2D237A192A3F7A /* Pods-iweather.release.xcconfig */ = {isa = PBXFileReference; includeInIndex = 1; lastKnownFileType = text.xcconfig; name = "Pods-iweather.release.xcconfig"; path = "Pods/Target Support Files/Pods-iweather/Pods-iweather.release.xcconfig"; sourceTree = "<group>"; };
		6DBD13929700202BC24F1459 /* Pods-iweather.debug.xcconfig */ = {isa = PBXFileReference; includeInIndex = 1; lastKnownFileType = text.xcconfig; name = "Pods-iweather.debug.xcconfig"; path = "Pods/Target Support Files/Pods-iweather/Pods-iweather.debug.xcconfig"; sourceTree = "<group>"; };
		8309BA6C1EFA011A0055A13A /* Info.plist */ = {isa = PBXFileReference; fileEncoding = 4; lastKnownFileType = text.plist.xml; name = Info.plist; path = iweather/Info.plist; sourceTree = SOURCE_ROOT; };
		8309BA6E1EFA01370055A13A /* Assets.xcassets */ = {isa = PBXFileReference; lastKnownFileType = folder.assetcatalog; name = Assets.xcassets; path = iweather/Assets.xcassets; sourceTree = SOURCE_ROOT; };
		841039111F15B397002A77D8 /* backgoundetail2.png */ = {isa = PBXFileReference; lastKnownFileType = image.png; path = backgoundetail2.png; sourceTree = "<group>"; };
		841A2AB21F05E7210052FC4E /* DataTempHours.swift */ = {isa = PBXFileReference; fileEncoding = 4; lastKnownFileType = sourcecode.swift; path = DataTempHours.swift; sourceTree = "<group>"; };
		841B5F861EFB79D800632357 /* EZLoadingActivity.swift */ = {isa = PBXFileReference; fileEncoding = 4; lastKnownFileType = sourcecode.swift; path = EZLoadingActivity.swift; sourceTree = "<group>"; };
		841B5F891EFB993500632357 /* CellLast.swift */ = {isa = PBXFileReference; fileEncoding = 4; lastKnownFileType = sourcecode.swift; path = CellLast.swift; sourceTree = "<group>"; };
		841B5F8A1EFB993500632357 /* CellLast.xib */ = {isa = PBXFileReference; fileEncoding = 4; lastKnownFileType = file.xib; path = CellLast.xib; sourceTree = "<group>"; };
		841B5F8B1EFB993500632357 /* CellWeather.swift */ = {isa = PBXFileReference; fileEncoding = 4; lastKnownFileType = sourcecode.swift; path = CellWeather.swift; sourceTree = "<group>"; };
		841B5F8C1EFB993500632357 /* CellWeather.xib */ = {isa = PBXFileReference; fileEncoding = 4; lastKnownFileType = file.xib; path = CellWeather.xib; sourceTree = "<group>"; };
		841B5F961EFBA12500632357 /* TempHoursHeaderInSection.swift */ = {isa = PBXFileReference; fileEncoding = 4; lastKnownFileType = sourcecode.swift; path = TempHoursHeaderInSection.swift; sourceTree = "<group>"; };
		842919BA1EFBAF28001FB6F5 /* TempHoursHeaderInSection.xib */ = {isa = PBXFileReference; fileEncoding = 4; lastKnownFileType = file.xib; path = TempHoursHeaderInSection.xib; sourceTree = "<group>"; };
		84309D811F0390AA002B5CD0 /* 1234.png */ = {isa = PBXFileReference; lastKnownFileType = image.png; path = 1234.png; sourceTree = "<group>"; };
		84309D831F03AE63002B5CD0 /* TempTimeCell.swift */ = {isa = PBXFileReference; fileEncoding = 4; lastKnownFileType = sourcecode.swift; path = TempTimeCell.swift; sourceTree = "<group>"; };
		84309D841F03AE63002B5CD0 /* TempTimeCell.xib */ = {isa = PBXFileReference; fileEncoding = 4; lastKnownFileType = file.xib; path = TempTimeCell.xib; sourceTree = "<group>"; };
		843248A91EF759E3001A2C86 /* iweather.app */ = {isa = PBXFileReference; explicitFileType = wrapper.application; includeInIndex = 0; path = iweather.app; sourceTree = BUILT_PRODUCTS_DIR; };
		843248AC1EF759E3001A2C86 /* AppDelegate.swift */ = {isa = PBXFileReference; lastKnownFileType = sourcecode.swift; name = AppDelegate.swift; path = iweather/AppDelegate.swift; sourceTree = SOURCE_ROOT; };
		843248B61EF759E3001A2C86 /* Base */ = {isa = PBXFileReference; lastKnownFileType = file.storyboard; name = Base; path = Base.lproj/LaunchScreen.storyboard; sourceTree = "<group>"; };
		843248C41EF75AEE001A2C86 /* HomeVC.swift */ = {isa = PBXFileReference; fileEncoding = 4; lastKnownFileType = sourcecode.swift; path = HomeVC.swift; sourceTree = "<group>"; };
		843248C71EF7614E001A2C86 /* NetworkManager.swift */ = {isa = PBXFileReference; fileEncoding = 4; lastKnownFileType = sourcecode.swift; path = NetworkManager.swift; sourceTree = "<group>"; };
		843248CD1EF764B2001A2C86 /* plus.png */ = {isa = PBXFileReference; lastKnownFileType = image.png; path = plus.png; sourceTree = "<group>"; };
		843248CF1EF76CFD001A2C86 /* SearchVC.swift */ = {isa = PBXFileReference; fileEncoding = 4; lastKnownFileType = sourcecode.swift; path = SearchVC.swift; sourceTree = "<group>"; };
		843248D21EF7704E001A2C86 /* IweatheModel.swift */ = {isa = PBXFileReference; fileEncoding = 4; lastKnownFileType = sourcecode.swift; path = IweatheModel.swift; sourceTree = "<group>"; };
		843248D81EF7E191001A2C86 /* HomeDetailVC.swift */ = {isa = PBXFileReference; fileEncoding = 4; lastKnownFileType = sourcecode.swift; path = HomeDetailVC.swift; sourceTree = "<group>"; };
		843248DA1EF7E6AD001A2C86 /* menu.png */ = {isa = PBXFileReference; lastKnownFileType = image.png; path = menu.png; sourceTree = "<group>"; };
		8432EED91F20972D0003428C /* NVActivityIndicatorAnimationAudioEqualizer.swift */ = {isa = PBXFileReference; fileEncoding = 4; lastKnownFileType = sourcecode.swift; path = NVActivityIndicatorAnimationAudioEqualizer.swift; sourceTree = "<group>"; };
		8432EEDA1F20972D0003428C /* NVActivityIndicatorAnimationBallBeat.swift */ = {isa = PBXFileReference; fileEncoding = 4; lastKnownFileType = sourcecode.swift; path = NVActivityIndicatorAnimationBallBeat.swift; sourceTree = "<group>"; };
		8432EEDB1F20972D0003428C /* NVActivityIndicatorAnimationBallClipRotate.swift */ = {isa = PBXFileReference; fileEncoding = 4; lastKnownFileType = sourcecode.swift; path = NVActivityIndicatorAnimationBallClipRotate.swift; sourceTree = "<group>"; };
		8432EEDC1F20972D0003428C /* NVActivityIndicatorAnimationBallClipRotateMultiple.swift */ = {isa = PBXFileReference; fileEncoding = 4; lastKnownFileType = sourcecode.swift; path = NVActivityIndicatorAnimationBallClipRotateMultiple.swift; sourceTree = "<group>"; };
		8432EEDD1F20972D0003428C /* NVActivityIndicatorAnimationBallClipRotatePulse.swift */ = {isa = PBXFileReference; fileEncoding = 4; lastKnownFileType = sourcecode.swift; path = NVActivityIndicatorAnimationBallClipRotatePulse.swift; sourceTree = "<group>"; };
		8432EEDE1F20972D0003428C /* NVActivityIndicatorAnimationBallGridBeat.swift */ = {isa = PBXFileReference; fileEncoding = 4; lastKnownFileType = sourcecode.swift; path = NVActivityIndicatorAnimationBallGridBeat.swift; sourceTree = "<group>"; };
		8432EEDF1F20972D0003428C /* NVActivityIndicatorAnimationBallGridPulse.swift */ = {isa = PBXFileReference; fileEncoding = 4; lastKnownFileType = sourcecode.swift; path = NVActivityIndicatorAnimationBallGridPulse.swift; sourceTree = "<group>"; };
		8432EEE01F20972D0003428C /* NVActivityIndicatorAnimationBallPulse.swift */ = {isa = PBXFileReference; fileEncoding = 4; lastKnownFileType = sourcecode.swift; path = NVActivityIndicatorAnimationBallPulse.swift; sourceTree = "<group>"; };
		8432EEE11F20972D0003428C /* NVActivityIndicatorAnimationBallPulseRise.swift */ = {isa = PBXFileReference; fileEncoding = 4; lastKnownFileType = sourcecode.swift; path = NVActivityIndicatorAnimationBallPulseRise.swift; sourceTree = "<group>"; };
		8432EEE21F20972D0003428C /* NVActivityIndicatorAnimationBallPulseSync.swift */ = {isa = PBXFileReference; fileEncoding = 4; lastKnownFileType = sourcecode.swift; path = NVActivityIndicatorAnimationBallPulseSync.swift; sourceTree = "<group>"; };
		8432EEE31F20972D0003428C /* NVActivityIndicatorAnimationBallRotate.swift */ = {isa = PBXFileReference; fileEncoding = 4; lastKnownFileType = sourcecode.swift; path = NVActivityIndicatorAnimationBallRotate.swift; sourceTree = "<group>"; };
		8432EEE41F20972D0003428C /* NVActivityIndicatorAnimationBallRotateChase.swift */ = {isa = PBXFileReference; fileEncoding = 4; lastKnownFileType = sourcecode.swift; path = NVActivityIndicatorAnimationBallRotateChase.swift; sourceTree = "<group>"; };
		8432EEE51F20972D0003428C /* NVActivityIndicatorAnimationBallScale.swift */ = {isa = PBXFileReference; fileEncoding = 4; lastKnownFileType = sourcecode.swift; path = NVActivityIndicatorAnimationBallScale.swift; sourceTree = "<group>"; };
		8432EEE61F20972D0003428C /* NVActivityIndicatorAnimationBallScaleMultiple.swift */ = {isa = PBXFileReference; fileEncoding = 4; lastKnownFileType = sourcecode.swift; path = NVActivityIndicatorAnimationBallScaleMultiple.swift; sourceTree = "<group>"; };
		8432EEE71F20972D0003428C /* NVActivityIndicatorAnimationBallScaleRipple.swift */ = {isa = PBXFileReference; fileEncoding = 4; lastKnownFileType = sourcecode.swift; path = NVActivityIndicatorAnimationBallScaleRipple.swift; sourceTree = "<group>"; };
		8432EEE81F20972D0003428C /* NVActivityIndicatorAnimationBallScaleRippleMultiple.swift */ = {isa = PBXFileReference; fileEncoding = 4; lastKnownFileType = sourcecode.swift; path = NVActivityIndicatorAnimationBallScaleRippleMultiple.swift; sourceTree = "<group>"; };
		8432EEE91F20972D0003428C /* NVActivityIndicatorAnimationBallSpinFadeLoader.swift */ = {isa = PBXFileReference; fileEncoding = 4; lastKnownFileType = sourcecode.swift; path = NVActivityIndicatorAnimationBallSpinFadeLoader.swift; sourceTree = "<group>"; };
		8432EEEA1F20972D0003428C /* NVActivityIndicatorAnimationBallTrianglePath.swift */ = {isa = PBXFileReference; fileEncoding = 4; lastKnownFileType = sourcecode.swift; path = NVActivityIndicatorAnimationBallTrianglePath.swift; sourceTree = "<group>"; };
		8432EEEB1F20972D0003428C /* NVActivityIndicatorAnimationBallZigZag.swift */ = {isa = PBXFileReference; fileEncoding = 4; lastKnownFileType = sourcecode.swift; path = NVActivityIndicatorAnimationBallZigZag.swift; sourceTree = "<group>"; };
		8432EEEC1F20972D0003428C /* NVActivityIndicatorAnimationBallZigZagDeflect.swift */ = {isa = PBXFileReference; fileEncoding = 4; lastKnownFileType = sourcecode.swift; path = NVActivityIndicatorAnimationBallZigZagDeflect.swift; sourceTree = "<group>"; };
		8432EEED1F20972D0003428C /* NVActivityIndicatorAnimationBlank.swift */ = {isa = PBXFileReference; fileEncoding = 4; lastKnownFileType = sourcecode.swift; path = NVActivityIndicatorAnimationBlank.swift; sourceTree = "<group>"; };
		8432EEEE1F20972D0003428C /* NVActivityIndicatorAnimationCubeTransition.swift */ = {isa = PBXFileReference; fileEncoding = 4; lastKnownFileType = sourcecode.swift; path = NVActivityIndicatorAnimationCubeTransition.swift; sourceTree = "<group>"; };
		8432EEEF1F20972D0003428C /* NVActivityIndicatorAnimationLineScale.swift */ = {isa = PBXFileReference; fileEncoding = 4; lastKnownFileType = sourcecode.swift; path = NVActivityIndicatorAnimationLineScale.swift; sourceTree = "<group>"; };
		8432EEF01F20972D0003428C /* NVActivityIndicatorAnimationLineScaleParty.swift */ = {isa = PBXFileReference; fileEncoding = 4; lastKnownFileType = sourcecode.swift; path = NVActivityIndicatorAnimationLineScaleParty.swift; sourceTree = "<group>"; };
		8432EEF11F20972D0003428C /* NVActivityIndicatorAnimationLineScalePulseOut.swift */ = {isa = PBXFileReference; fileEncoding = 4; lastKnownFileType = sourcecode.swift; path = NVActivityIndicatorAnimationLineScalePulseOut.swift; sourceTree = "<group>"; };
		8432EEF21F20972D0003428C /* NVActivityIndicatorAnimationLineScalePulseOutRapid.swift */ = {isa = PBXFileReference; fileEncoding = 4; lastKnownFileType = sourcecode.swift; path = NVActivityIndicatorAnimationLineScalePulseOutRapid.swift; sourceTree = "<group>"; };
		8432EEF31F20972D0003428C /* NVActivityIndicatorAnimationLineSpinFadeLoader.swift */ = {isa = PBXFileReference; fileEncoding = 4; lastKnownFileType = sourcecode.swift; path = NVActivityIndicatorAnimationLineSpinFadeLoader.swift; sourceTree = "<group>"; };
		8432EEF41F20972D0003428C /* NVActivityIndicatorAnimationOrbit.swift */ = {isa = PBXFileReference; fileEncoding = 4; lastKnownFileType = sourcecode.swift; path = NVActivityIndicatorAnimationOrbit.swift; sourceTree = "<group>"; };
		8432EEF51F20972D0003428C /* NVActivityIndicatorAnimationPacman.swift */ = {isa = PBXFileReference; fileEncoding = 4; lastKnownFileType = sourcecode.swift; path = NVActivityIndicatorAnimationPacman.swift; sourceTree = "<group>"; };
		8432EEF61F20972D0003428C /* NVActivityIndicatorAnimationSemiCircleSpin.swift */ = {isa = PBXFileReference; fileEncoding = 4; lastKnownFileType = sourcecode.swift; path = NVActivityIndicatorAnimationSemiCircleSpin.swift; sourceTree = "<group>"; };
		8432EEF71F20972D0003428C /* NVActivityIndicatorAnimationSquareSpin.swift */ = {isa = PBXFileReference; fileEncoding = 4; lastKnownFileType = sourcecode.swift; path = NVActivityIndicatorAnimationSquareSpin.swift; sourceTree = "<group>"; };
		8432EEF81F20972D0003428C /* NVActivityIndicatorAnimationTriangleSkewSpin.swift */ = {isa = PBXFileReference; fileEncoding = 4; lastKnownFileType = sourcecode.swift; path = NVActivityIndicatorAnimationTriangleSkewSpin.swift; sourceTree = "<group>"; };
		8432EEF91F20972D0003428C /* NVActivityIndicatorAnimationDelegate.swift */ = {isa = PBXFileReference; fileEncoding = 4; lastKnownFileType = sourcecode.swift; path = NVActivityIndicatorAnimationDelegate.swift; sourceTree = "<group>"; };
		8432EEFA1F20972D0003428C /* NVActivityIndicatorShape.swift */ = {isa = PBXFileReference; fileEncoding = 4; lastKnownFileType = sourcecode.swift; path = NVActivityIndicatorShape.swift; sourceTree = "<group>"; };
		8432EEFB1F20972D0003428C /* NVActivityIndicatorView.swift */ = {isa = PBXFileReference; fileEncoding = 4; lastKnownFileType = sourcecode.swift; path = NVActivityIndicatorView.swift; sourceTree = "<group>"; };
		8432EEFD1F20972D0003428C /* NVActivityIndicatorPresenter.swift */ = {isa = PBXFileReference; fileEncoding = 4; lastKnownFileType = sourcecode.swift; path = NVActivityIndicatorPresenter.swift; sourceTree = "<group>"; };
		8432EEFE1F20972D0003428C /* NVActivityIndicatorViewable.swift */ = {isa = PBXFileReference; fileEncoding = 4; lastKnownFileType = sourcecode.swift; path = NVActivityIndicatorViewable.swift; sourceTree = "<group>"; };
		84363BE11F0DD02200BF20F4 /* Define.swift */ = {isa = PBXFileReference; fileEncoding = 4; lastKnownFileType = sourcecode.swift; path = Define.swift; sourceTree = "<group>"; };
		84363BE31F0DD9AA00BF20F4 /* StatusWeather.swift */ = {isa = PBXFileReference; fileEncoding = 4; lastKnownFileType = sourcecode.swift; path = StatusWeather.swift; sourceTree = "<group>"; };
		845673F41F21AE700000D603 /* GooGleMapVC.swift */ = {isa = PBXFileReference; fileEncoding = 4; lastKnownFileType = sourcecode.swift; path = GooGleMapVC.swift; sourceTree = "<group>"; };
		845673F81F21E40D0000D603 /* ViewMarke.xib */ = {isa = PBXFileReference; fileEncoding = 4; lastKnownFileType = file.xib; path = ViewMarke.xib; sourceTree = "<group>"; };
		845673FA1F21E4B00000D603 /* ViewMarke.swift */ = {isa = PBXFileReference; fileEncoding = 4; lastKnownFileType = sourcecode.swift; path = ViewMarke.swift; sourceTree = "<group>"; };
		845673FC1F21EFBB0000D603 /* NibDesignable.swift */ = {isa = PBXFileReference; fileEncoding = 4; lastKnownFileType = sourcecode.swift; path = NibDesignable.swift; sourceTree = "<group>"; };
		845673FF1F22045C0000D603 /* fan12080.jpg */ = {isa = PBXFileReference; lastKnownFileType = image.jpeg; path = fan12080.jpg; sourceTree = "<group>"; };
		845674021F2206ED0000D603 /* WindCell.swift */ = {isa = PBXFileReference; fileEncoding = 4; lastKnownFileType = sourcecode.swift; path = WindCell.swift; sourceTree = "<group>"; };
		845674031F2206ED0000D603 /* WindCell.xib */ = {isa = PBXFileReference; fileEncoding = 4; lastKnownFileType = file.xib; path = WindCell.xib; sourceTree = "<group>"; };
		845674061F2208780000D603 /* fan404040.png */ = {isa = PBXFileReference; lastKnownFileType = image.png; path = fan404040.png; sourceTree = "<group>"; };
		845674081F221D190000D603 /* fan120801.png */ = {isa = PBXFileReference; lastKnownFileType = image.png; path = fan120801.png; sourceTree = "<group>"; };
		846619261F04A08E00C2954D /* sunrise.png */ = {isa = PBXFileReference; lastKnownFileType = image.png; path = sunrise.png; sourceTree = "<group>"; };
		846619271F04A08E00C2954D /* sunset.png */ = {isa = PBXFileReference; lastKnownFileType = image.png; path = sunset.png; sourceTree = "<group>"; };
		8466192A1F04F97800C2954D /* TempHoursModel.swift */ = {isa = PBXFileReference; fileEncoding = 4; lastKnownFileType = sourcecode.swift; path = TempHoursModel.swift; sourceTree = "<group>"; };
		8475A2DC1EF9327A00412025 /* ForecastModel.swift */ = {isa = PBXFileReference; fileEncoding = 4; lastKnownFileType = sourcecode.swift; path = ForecastModel.swift; sourceTree = "<group>"; };
		848E5C091F0B9F220098F4EF /* location.png */ = {isa = PBXFileReference; lastKnownFileType = image.png; path = location.png; sourceTree = "<group>"; };
		8490980A1EFACE6900DA288F /* Pods_iweather.framework */ = {isa = PBXFileReference; lastKnownFileType = wrapper.framework; name = Pods_iweather.framework; path = "../../../Library/Developer/Xcode/DerivedData/iweather-fewvqkhnshrxwmhiccxtrbvguiio/Build/Products/Debug-iphonesimulator/Pods_iweather.framework"; sourceTree = "<group>"; };
		8490980C1EFAD0BD00DA288F /* Main.storyboard */ = {isa = PBXFileReference; fileEncoding = 4; lastKnownFileType = file.storyboard; name = Main.storyboard; path = ../../AppDelegate/Main.storyboard; sourceTree = "<group>"; };
		84AA0F1C1F21A43A00CDA8D0 /* if_map.png */ = {isa = PBXFileReference; lastKnownFileType = image.png; path = if_map.png; sourceTree = "<group>"; };
		84AA0F1E1F21A4C400CDA8D0 /* mapGray1.png */ = {isa = PBXFileReference; lastKnownFileType = image.png; path = mapGray1.png; sourceTree = "<group>"; };
		84B72AED1F14B34100367B0D /* location1.png */ = {isa = PBXFileReference; lastKnownFileType = image.png; path = location1.png; sourceTree = "<group>"; };
		84B72AEF1F14BC3500367B0D /* backGround.jpg */ = {isa = PBXFileReference; lastKnownFileType = image.jpeg; path = backGround.jpg; sourceTree = "<group>"; };
		84B72AF31F14D65700367B0D /* backgoundetail.jpeg */ = {isa = PBXFileReference; lastKnownFileType = image.jpeg; path = backgoundetail.jpeg; sourceTree = "<group>"; };
		84B72AF51F14DB2200367B0D /* backgoundetail1.png */ = {isa = PBXFileReference; lastKnownFileType = image.png; path = backgoundetail1.png; sourceTree = "<group>"; };
		84C665711F00DFE3004604D8 /* CellSearch.swift */ = {isa = PBXFileReference; fileEncoding = 4; lastKnownFileType = sourcecode.swift; path = CellSearch.swift; sourceTree = "<group>"; };
		84C665721F00DFE3004604D8 /* CellSearch.xib */ = {isa = PBXFileReference; fileEncoding = 4; lastKnownFileType = file.xib; path = CellSearch.xib; sourceTree = "<group>"; };
		84C665751F00E287004604D8 /* SearchModel.swift */ = {isa = PBXFileReference; fileEncoding = 4; lastKnownFileType = sourcecode.swift; path = SearchModel.swift; sourceTree = "<group>"; };
		84C665771F00EF6E004604D8 /* ResulfSearchModel.swift */ = {isa = PBXFileReference; fileEncoding = 4; lastKnownFileType = sourcecode.swift; path = ResulfSearchModel.swift; sourceTree = "<group>"; };
		84DD4BF91F020254005120F2 /* InfoDetailLocation.swift */ = {isa = PBXFileReference; fileEncoding = 4; lastKnownFileType = sourcecode.swift; path = InfoDetailLocation.swift; sourceTree = "<group>"; };
		84DD4BFA1F020254005120F2 /* InfoDetailLocation.xib */ = {isa = PBXFileReference; fileEncoding = 4; lastKnownFileType = file.xib; path = InfoDetailLocation.xib; sourceTree = "<group>"; };
		84DD4BFD1F021319005120F2 /* StringExtension.swift */ = {isa = PBXFileReference; fileEncoding = 4; lastKnownFileType = sourcecode.swift; path = StringExtension.swift; sourceTree = "<group>"; };
		84E9AA931F13650C00FFBCFE /* appleDot@2x.png */ = {isa = PBXFileReference; lastKnownFileType = image.png; path = "appleDot@2x.png"; sourceTree = "<group>"; };
		84E9AA941F13650C00FFBCFE /* appleMask.png */ = {isa = PBXFileReference; lastKnownFileType = image.png; path = appleMask.png; sourceTree = "<group>"; };
		84E9AA951F13650C00FFBCFE /* appleMask@2x.png */ = {isa = PBXFileReference; lastKnownFileType = image.png; path = "appleMask@2x.png"; sourceTree = "<group>"; };
		84E9AA961F13650C00FFBCFE /* currentAppleDot@2x.png */ = {isa = PBXFileReference; lastKnownFileType = image.png; path = "currentAppleDot@2x.png"; sourceTree = "<group>"; };
		84E9AA971F13650C00FFBCFE /* currentPageDot@2x.png */ = {isa = PBXFileReference; lastKnownFileType = image.png; path = "currentPageDot@2x.png"; sourceTree = "<group>"; };
		84E9AA981F13650C00FFBCFE /* currentSearchDot@2x.png */ = {isa = PBXFileReference; lastKnownFileType = image.png; path = "currentSearchDot@2x.png"; sourceTree = "<group>"; };
		84E9AA991F13650C00FFBCFE /* Default-568h@2x.png */ = {isa = PBXFileReference; lastKnownFileType = image.png; path = "Default-568h@2x.png"; sourceTree = "<group>"; };
		84E9AA9A1F13650C00FFBCFE /* Default.png */ = {isa = PBXFileReference; lastKnownFileType = image.png; path = Default.png; sourceTree = "<group>"; };
		84E9AA9B1F13650C00FFBCFE /* Default@2x.png */ = {isa = PBXFileReference; lastKnownFileType = image.png; path = "Default@2x.png"; sourceTree = "<group>"; };
		84E9AAA31F13650C00FFBCFE /* pageDot@2x.png */ = {isa = PBXFileReference; lastKnownFileType = image.png; path = "pageDot@2x.png"; sourceTree = "<group>"; };
		84E9AAA41F13650C00FFBCFE /* retro_intro@2x.png */ = {isa = PBXFileReference; lastKnownFileType = image.png; path = "retro_intro@2x.png"; sourceTree = "<group>"; };
		84E9AAA51F13650C00FFBCFE /* searchDot@2x.png */ = {isa = PBXFileReference; lastKnownFileType = image.png; path = "searchDot@2x.png"; sourceTree = "<group>"; };
		84E9AAA61F13650C00FFBCFE /* searchMask.png */ = {isa = PBXFileReference; lastKnownFileType = image.png; path = searchMask.png; sourceTree = "<group>"; };
		84E9AAA71F13650C00FFBCFE /* searchMask@2x.png */ = {isa = PBXFileReference; lastKnownFileType = image.png; path = "searchMask@2x.png"; sourceTree = "<group>"; };
		84E9AAC31F13653600FFBCFE /* iweather-Bridging-Header.h */ = {isa = PBXFileReference; lastKnownFileType = sourcecode.c.h; path = "iweather-Bridging-Header.h"; sourceTree = "<group>"; };
		84E9AAC41F13653600FFBCFE /* SMPageControl.h */ = {isa = PBXFileReference; fileEncoding = 4; lastKnownFileType = sourcecode.c.h; path = SMPageControl.h; sourceTree = "<group>"; };
		84E9AAC51F13653600FFBCFE /* SMPageControl.m */ = {isa = PBXFileReference; fileEncoding = 4; lastKnownFileType = sourcecode.c.objc; path = SMPageControl.m; sourceTree = "<group>"; };
		84F302601F0CDFB0005D58C8 /* myWeather.appex */ = {isa = PBXFileReference; explicitFileType = "wrapper.app-extension"; includeInIndex = 0; path = myWeather.appex; sourceTree = BUILT_PRODUCTS_DIR; };
		84F302611F0CDFB0005D58C8 /* NotificationCenter.framework */ = {isa = PBXFileReference; lastKnownFileType = wrapper.framework; name = NotificationCenter.framework; path = System/Library/Frameworks/NotificationCenter.framework; sourceTree = SDKROOT; };
		84F302641F0CDFB0005D58C8 /* TodayViewController.swift */ = {isa = PBXFileReference; lastKnownFileType = sourcecode.swift; path = TodayViewController.swift; sourceTree = "<group>"; };
		84F302671F0CDFB0005D58C8 /* Base */ = {isa = PBXFileReference; lastKnownFileType = file.storyboard; name = Base; path = Base.lproj/MainInterface.storyboard; sourceTree = "<group>"; };
		84F302691F0CDFB0005D58C8 /* Info.plist */ = {isa = PBXFileReference; lastKnownFileType = text.plist.xml; path = Info.plist; sourceTree = "<group>"; };
		84F36D541EFCFFBE0057B481 /* TempTenDayCell.swift */ = {isa = PBXFileReference; fileEncoding = 4; lastKnownFileType = sourcecode.swift; path = TempTenDayCell.swift; sourceTree = "<group>"; };
		84F36D551EFCFFBE0057B481 /* TempTenDayCell.xib */ = {isa = PBXFileReference; fileEncoding = 4; lastKnownFileType = file.xib; path = TempTenDayCell.xib; sourceTree = "<group>"; };
		84F36D581EFD054F0057B481 /* InfoLocationCell.swift */ = {isa = PBXFileReference; fileEncoding = 4; lastKnownFileType = sourcecode.swift; path = InfoLocationCell.swift; sourceTree = "<group>"; };
		84F36D591EFD054F0057B481 /* InfoLocationCell.xib */ = {isa = PBXFileReference; fileEncoding = 4; lastKnownFileType = file.xib; path = InfoLocationCell.xib; sourceTree = "<group>"; };
		84F36D5C1EFD05920057B481 /* InfoWeatherCell.swift */ = {isa = PBXFileReference; fileEncoding = 4; lastKnownFileType = sourcecode.swift; path = InfoWeatherCell.swift; sourceTree = "<group>"; };
		84F36D5D1EFD05920057B481 /* InfoWeatherCell.xib */ = {isa = PBXFileReference; fileEncoding = 4; lastKnownFileType = file.xib; path = InfoWeatherCell.xib; sourceTree = "<group>"; };
		84F5E5701F1714DC00A81B7F /* currentimgPage0.png */ = {isa = PBXFileReference; lastKnownFileType = image.png; path = currentimgPage0.png; sourceTree = "<group>"; };
		84F5E5731F1716A900A81B7F /* locationBlack.png */ = {isa = PBXFileReference; lastKnownFileType = image.png; path = locationBlack.png; sourceTree = "<group>"; };
		A65C95A368EA5A3ECE89C25F /* Pods-myWeather.release.xcconfig */ = {isa = PBXFileReference; includeInIndex = 1; lastKnownFileType = text.xcconfig; name = "Pods-myWeather.release.xcconfig"; path = "Pods/Target Support Files/Pods-myWeather/Pods-myWeather.release.xcconfig"; sourceTree = "<group>"; };
		D3B44AA8E147770450AA68F2 /* Pods-myWeather.debug.xcconfig */ = {isa = PBXFileReference; includeInIndex = 1; lastKnownFileType = text.xcconfig; name = "Pods-myWeather.debug.xcconfig"; path = "Pods/Target Support Files/Pods-myWeather/Pods-myWeather.debug.xcconfig"; sourceTree = "<group>"; };
		E06CDB53E4E21D4BA5C8F7F9 /* Pods_myWeather.framework */ = {isa = PBXFileReference; explicitFileType = wrapper.framework; includeInIndex = 0; path = Pods_myWeather.framework; sourceTree = BUILT_PRODUCTS_DIR; };
		E202ADDA2A4B9ECD06F93CF6 /* Pods_iweather.framework */ = {isa = PBXFileReference; explicitFileType = wrapper.framework; includeInIndex = 0; path = Pods_iweather.framework; sourceTree = BUILT_PRODUCTS_DIR; };
/* End PBXFileReference section */

/* Begin PBXFrameworksBuildPhase section */
		843248A61EF759E3001A2C86 /* Frameworks */ = {
			isa = PBXFrameworksBuildPhase;
			buildActionMask = 2147483647;
			files = (
				8490980B1EFACE6900DA288F /* Pods_iweather.framework in Frameworks */,
				654B4D4D9557E0361788B942 /* Pods_iweather.framework in Frameworks */,
			);
			runOnlyForDeploymentPostprocessing = 0;
		};
		84F3025D1F0CDFB0005D58C8 /* Frameworks */ = {
			isa = PBXFrameworksBuildPhase;
			buildActionMask = 2147483647;
			files = (
				84F302621F0CDFB0005D58C8 /* NotificationCenter.framework in Frameworks */,
				59F15BB34F4957098C6CA8C4 /* Pods_myWeather.framework in Frameworks */,
			);
			runOnlyForDeploymentPostprocessing = 0;
		};
/* End PBXFrameworksBuildPhase section */

/* Begin PBXGroup section */
		841B5F831EFB75DD00632357 /* Support */ = {
			isa = PBXGroup;
			children = (
				8432EED71F20971A0003428C /* NVActivity */,
				8309BA6E1EFA01370055A13A /* Assets.xcassets */,
				843248B51EF759E3001A2C86 /* LaunchScreen.storyboard */,
				8309BA6C1EFA011A0055A13A /* Info.plist */,
				841B5F861EFB79D800632357 /* EZLoadingActivity.swift */,
				84DD4BFD1F021319005120F2 /* StringExtension.swift */,
				84363BE11F0DD02200BF20F4 /* Define.swift */,
				84363BE31F0DD9AA00BF20F4 /* StatusWeather.swift */,
				845673FC1F21EFBB0000D603 /* NibDesignable.swift */,
			);
			path = Support;
			sourceTree = "<group>";
		};
		841B5F881EFB993500632357 /* CellHome */ = {
			isa = PBXGroup;
			children = (
				841B5F891EFB993500632357 /* CellLast.swift */,
				841B5F8A1EFB993500632357 /* CellLast.xib */,
				841B5F8B1EFB993500632357 /* CellWeather.swift */,
				841B5F8C1EFB993500632357 /* CellWeather.xib */,
			);
			path = CellHome;
			sourceTree = "<group>";
		};
		841B5F911EFB997500632357 /* CellDetail */ = {
			isa = PBXGroup;
			children = (
				841B5F961EFBA12500632357 /* TempHoursHeaderInSection.swift */,
				842919BA1EFBAF28001FB6F5 /* TempHoursHeaderInSection.xib */,
				84309D831F03AE63002B5CD0 /* TempTimeCell.swift */,
				84309D841F03AE63002B5CD0 /* TempTimeCell.xib */,
				84F36D541EFCFFBE0057B481 /* TempTenDayCell.swift */,
				84F36D551EFCFFBE0057B481 /* TempTenDayCell.xib */,
				84F36D5C1EFD05920057B481 /* InfoWeatherCell.swift */,
				84F36D5D1EFD05920057B481 /* InfoWeatherCell.xib */,
				84F36D581EFD054F0057B481 /* InfoLocationCell.swift */,
				84F36D591EFD054F0057B481 /* InfoLocationCell.xib */,
				845674021F2206ED0000D603 /* WindCell.swift */,
				845674031F2206ED0000D603 /* WindCell.xib */,
				84DD4BF91F020254005120F2 /* InfoDetailLocation.swift */,
				84DD4BFA1F020254005120F2 /* InfoDetailLocation.xib */,
			);
			path = CellDetail;
			sourceTree = "<group>";
		};
		843248A01EF759E3001A2C86 = {
			isa = PBXGroup;
			children = (
				843248AB1EF759E3001A2C86 /* iweather */,
				84F302631F0CDFB0005D58C8 /* myWeather */,
				843248AA1EF759E3001A2C86 /* Products */,
				D33B86BE89C1B57BCF4FFB88 /* Pods */,
				90B32AB43286207F17791301 /* Frameworks */,
			);
			sourceTree = "<group>";
		};
		843248AA1EF759E3001A2C86 /* Products */ = {
			isa = PBXGroup;
			children = (
				843248A91EF759E3001A2C86 /* iweather.app */,
				84F302601F0CDFB0005D58C8 /* myWeather.appex */,
			);
			name = Products;
			sourceTree = "<group>";
		};
		843248AB1EF759E3001A2C86 /* iweather */ = {
			isa = PBXGroup;
			children = (
				84E9AA911F1364FF00FFBCFE /* Libs */,
				841B5F831EFB75DD00632357 /* Support */,
				843248C61EF75B46001A2C86 /* NetworkManager */,
				843248C31EF75AB3001A2C86 /* Image */,
				843248C21EF75A9E001A2C86 /* AppDelegate */,
				843248BE1EF75A91001A2C86 /* MVC */,
			);
			path = iweather;
			sourceTree = "<group>";
		};
		843248BE1EF75A91001A2C86 /* MVC */ = {
			isa = PBXGroup;
			children = (
				843248D11EF7700E001A2C86 /* Model */,
				841B5F881EFB993500632357 /* CellHome */,
				841B5F911EFB997500632357 /* CellDetail */,
				84C665701F00DFAC004604D8 /* CellSearch */,
				845673F71F21E3B80000D603 /* XibGoogleMap */,
				843248C01EF75A91001A2C86 /* Home */,
				843248C11EF75A91001A2C86 /* View */,
			);
			path = MVC;
			sourceTree = "<group>";
		};
		843248C01EF75A91001A2C86 /* Home */ = {
			isa = PBXGroup;
			children = (
				843248C41EF75AEE001A2C86 /* HomeVC.swift */,
				843248CF1EF76CFD001A2C86 /* SearchVC.swift */,
				843248D81EF7E191001A2C86 /* HomeDetailVC.swift */,
				845673F41F21AE700000D603 /* GooGleMapVC.swift */,
			);
			path = Home;
			sourceTree = "<group>";
		};
		843248C11EF75A91001A2C86 /* View */ = {
			isa = PBXGroup;
			children = (
				8490980C1EFAD0BD00DA288F /* Main.storyboard */,
			);
			path = View;
			sourceTree = "<group>";
		};
		843248C21EF75A9E001A2C86 /* AppDelegate */ = {
			isa = PBXGroup;
			children = (
				843248AC1EF759E3001A2C86 /* AppDelegate.swift */,
			);
			path = AppDelegate;
			sourceTree = "<group>";
		};
		843248C31EF75AB3001A2C86 /* Image */ = {
			isa = PBXGroup;
			children = (
				845674081F221D190000D603 /* fan120801.png */,
				845674061F2208780000D603 /* fan404040.png */,
				845673FF1F22045C0000D603 /* fan12080.jpg */,
				84AA0F1E1F21A4C400CDA8D0 /* mapGray1.png */,
				84AA0F1C1F21A43A00CDA8D0 /* if_map.png */,
				841039111F15B397002A77D8 /* backgoundetail2.png */,
				84B72AF51F14DB2200367B0D /* backgoundetail1.png */,
				84F5E5701F1714DC00A81B7F /* currentimgPage0.png */,
				84B72AF31F14D65700367B0D /* backgoundetail.jpeg */,
				84F5E5731F1716A900A81B7F /* locationBlack.png */,
				84B72AED1F14B34100367B0D /* location1.png */,
				84B72AEF1F14BC3500367B0D /* backGround.jpg */,
				848E5C091F0B9F220098F4EF /* location.png */,
				846619271F04A08E00C2954D /* sunset.png */,
				846619261F04A08E00C2954D /* sunrise.png */,
				84309D811F0390AA002B5CD0 /* 1234.png */,
				843248DA1EF7E6AD001A2C86 /* menu.png */,
				843248CD1EF764B2001A2C86 /* plus.png */,
			);
			path = Image;
			sourceTree = "<group>";
		};
		843248C61EF75B46001A2C86 /* NetworkManager */ = {
			isa = PBXGroup;
			children = (
				843248C71EF7614E001A2C86 /* NetworkManager.swift */,
				841A2AB21F05E7210052FC4E /* DataTempHours.swift */,
			);
			path = NetworkManager;
			sourceTree = "<group>";
		};
		843248D11EF7700E001A2C86 /* Model */ = {
			isa = PBXGroup;
			children = (
				843248D21EF7704E001A2C86 /* IweatheModel.swift */,
				8475A2DC1EF9327A00412025 /* ForecastModel.swift */,
				84C665751F00E287004604D8 /* SearchModel.swift */,
				84C665771F00EF6E004604D8 /* ResulfSearchModel.swift */,
				8466192A1F04F97800C2954D /* TempHoursModel.swift */,
			);
			path = Model;
			sourceTree = "<group>";
		};
		8432EED71F20971A0003428C /* NVActivity */ = {
			isa = PBXGroup;
			children = (
				8432EED81F20972D0003428C /* Animations */,
				8432EEF91F20972D0003428C /* NVActivityIndicatorAnimationDelegate.swift */,
				8432EEFA1F20972D0003428C /* NVActivityIndicatorShape.swift */,
				8432EEFB1F20972D0003428C /* NVActivityIndicatorView.swift */,
				8432EEFC1F20972D0003428C /* Presenter */,
			);
			name = NVActivity;
			sourceTree = "<group>";
		};
		8432EED81F20972D0003428C /* Animations */ = {
			isa = PBXGroup;
			children = (
				8432EED91F20972D0003428C /* NVActivityIndicatorAnimationAudioEqualizer.swift */,
				8432EEDA1F20972D0003428C /* NVActivityIndicatorAnimationBallBeat.swift */,
				8432EEDB1F20972D0003428C /* NVActivityIndicatorAnimationBallClipRotate.swift */,
				8432EEDC1F20972D0003428C /* NVActivityIndicatorAnimationBallClipRotateMultiple.swift */,
				8432EEDD1F20972D0003428C /* NVActivityIndicatorAnimationBallClipRotatePulse.swift */,
				8432EEDE1F20972D0003428C /* NVActivityIndicatorAnimationBallGridBeat.swift */,
				8432EEDF1F20972D0003428C /* NVActivityIndicatorAnimationBallGridPulse.swift */,
				8432EEE01F20972D0003428C /* NVActivityIndicatorAnimationBallPulse.swift */,
				8432EEE11F20972D0003428C /* NVActivityIndicatorAnimationBallPulseRise.swift */,
				8432EEE21F20972D0003428C /* NVActivityIndicatorAnimationBallPulseSync.swift */,
				8432EEE31F20972D0003428C /* NVActivityIndicatorAnimationBallRotate.swift */,
				8432EEE41F20972D0003428C /* NVActivityIndicatorAnimationBallRotateChase.swift */,
				8432EEE51F20972D0003428C /* NVActivityIndicatorAnimationBallScale.swift */,
				8432EEE61F20972D0003428C /* NVActivityIndicatorAnimationBallScaleMultiple.swift */,
				8432EEE71F20972D0003428C /* NVActivityIndicatorAnimationBallScaleRipple.swift */,
				8432EEE81F20972D0003428C /* NVActivityIndicatorAnimationBallScaleRippleMultiple.swift */,
				8432EEE91F20972D0003428C /* NVActivityIndicatorAnimationBallSpinFadeLoader.swift */,
				8432EEEA1F20972D0003428C /* NVActivityIndicatorAnimationBallTrianglePath.swift */,
				8432EEEB1F20972D0003428C /* NVActivityIndicatorAnimationBallZigZag.swift */,
				8432EEEC1F20972D0003428C /* NVActivityIndicatorAnimationBallZigZagDeflect.swift */,
				8432EEED1F20972D0003428C /* NVActivityIndicatorAnimationBlank.swift */,
				8432EEEE1F20972D0003428C /* NVActivityIndicatorAnimationCubeTransition.swift */,
				8432EEEF1F20972D0003428C /* NVActivityIndicatorAnimationLineScale.swift */,
				8432EEF01F20972D0003428C /* NVActivityIndicatorAnimationLineScaleParty.swift */,
				8432EEF11F20972D0003428C /* NVActivityIndicatorAnimationLineScalePulseOut.swift */,
				8432EEF21F20972D0003428C /* NVActivityIndicatorAnimationLineScalePulseOutRapid.swift */,
				8432EEF31F20972D0003428C /* NVActivityIndicatorAnimationLineSpinFadeLoader.swift */,
				8432EEF41F20972D0003428C /* NVActivityIndicatorAnimationOrbit.swift */,
				8432EEF51F20972D0003428C /* NVActivityIndicatorAnimationPacman.swift */,
				8432EEF61F20972D0003428C /* NVActivityIndicatorAnimationSemiCircleSpin.swift */,
				8432EEF71F20972D0003428C /* NVActivityIndicatorAnimationSquareSpin.swift */,
				8432EEF81F20972D0003428C /* NVActivityIndicatorAnimationTriangleSkewSpin.swift */,
			);
			path = Animations;
			sourceTree = "<group>";
		};
		8432EEFC1F20972D0003428C /* Presenter */ = {
			isa = PBXGroup;
			children = (
				8432EEFD1F20972D0003428C /* NVActivityIndicatorPresenter.swift */,
				8432EEFE1F20972D0003428C /* NVActivityIndicatorViewable.swift */,
			);
			path = Presenter;
			sourceTree = "<group>";
		};
		845673F71F21E3B80000D603 /* XibGoogleMap */ = {
			isa = PBXGroup;
			children = (
				845673FA1F21E4B00000D603 /* ViewMarke.swift */,
				845673F81F21E40D0000D603 /* ViewMarke.xib */,
			);
			name = XibGoogleMap;
			sourceTree = "<group>";
		};
		84C665701F00DFAC004604D8 /* CellSearch */ = {
			isa = PBXGroup;
			children = (
				84C665711F00DFE3004604D8 /* CellSearch.swift */,
				84C665721F00DFE3004604D8 /* CellSearch.xib */,
			);
			name = CellSearch;
			path = CellDetail/CellSearch;
			sourceTree = "<group>";
		};
		84E9AA911F1364FF00FFBCFE /* Libs */ = {
			isa = PBXGroup;
			children = (
				84E9AA921F13650C00FFBCFE /* SMPageControl */,
			);
			name = Libs;
			sourceTree = "<group>";
		};
		84E9AA921F13650C00FFBCFE /* SMPageControl */ = {
			isa = PBXGroup;
			children = (
				84E9AAC41F13653600FFBCFE /* SMPageControl.h */,
				84E9AAC51F13653600FFBCFE /* SMPageControl.m */,
				84E9AA931F13650C00FFBCFE /* appleDot@2x.png */,
				84E9AA941F13650C00FFBCFE /* appleMask.png */,
				84E9AA951F13650C00FFBCFE /* appleMask@2x.png */,
				84E9AA961F13650C00FFBCFE /* currentAppleDot@2x.png */,
				84E9AA971F13650C00FFBCFE /* currentPageDot@2x.png */,
				84E9AA981F13650C00FFBCFE /* currentSearchDot@2x.png */,
				84E9AA991F13650C00FFBCFE /* Default-568h@2x.png */,
				84E9AA9A1F13650C00FFBCFE /* Default.png */,
				84E9AA9B1F13650C00FFBCFE /* Default@2x.png */,
				84E9AAA31F13650C00FFBCFE /* pageDot@2x.png */,
				84E9AAA41F13650C00FFBCFE /* retro_intro@2x.png */,
				84E9AAA51F13650C00FFBCFE /* searchDot@2x.png */,
				84E9AAA61F13650C00FFBCFE /* searchMask.png */,
				84E9AAA71F13650C00FFBCFE /* searchMask@2x.png */,
				84E9AAC31F13653600FFBCFE /* iweather-Bridging-Header.h */,
			);
			path = SMPageControl;
			sourceTree = "<group>";
		};
		84F302631F0CDFB0005D58C8 /* myWeather */ = {
			isa = PBXGroup;
			children = (
				84F302641F0CDFB0005D58C8 /* TodayViewController.swift */,
				84F302661F0CDFB0005D58C8 /* MainInterface.storyboard */,
				84F302691F0CDFB0005D58C8 /* Info.plist */,
			);
			path = myWeather;
			sourceTree = "<group>";
		};
		90B32AB43286207F17791301 /* Frameworks */ = {
			isa = PBXGroup;
			children = (
				8490980A1EFACE6900DA288F /* Pods_iweather.framework */,
				E202ADDA2A4B9ECD06F93CF6 /* Pods_iweather.framework */,
				84F302611F0CDFB0005D58C8 /* NotificationCenter.framework */,
				E06CDB53E4E21D4BA5C8F7F9 /* Pods_myWeather.framework */,
			);
			name = Frameworks;
			sourceTree = "<group>";
		};
		D33B86BE89C1B57BCF4FFB88 /* Pods */ = {
			isa = PBXGroup;
			children = (
				6DBD13929700202BC24F1459 /* Pods-iweather.debug.xcconfig */,
				15CC17203C2D237A192A3F7A /* Pods-iweather.release.xcconfig */,
				D3B44AA8E147770450AA68F2 /* Pods-myWeather.debug.xcconfig */,
				A65C95A368EA5A3ECE89C25F /* Pods-myWeather.release.xcconfig */,
			);
			name = Pods;
			sourceTree = "<group>";
		};
/* End PBXGroup section */

/* Begin PBXNativeTarget section */
		843248A81EF759E3001A2C86 /* iweather */ = {
			isa = PBXNativeTarget;
			buildConfigurationList = 843248BB1EF759E3001A2C86 /* Build configuration list for PBXNativeTarget "iweather" */;
			buildPhases = (
				31E469715D176F1168DDB328 /* [CP] Check Pods Manifest.lock */,
				843248A51EF759E3001A2C86 /* Sources */,
				843248A61EF759E3001A2C86 /* Frameworks */,
				843248A71EF759E3001A2C86 /* Resources */,
				DAE1552FA39997852D141222 /* [CP] Embed Pods Frameworks */,
				5918AB016C69B4B8B99BF836 /* [CP] Copy Pods Resources */,
				84F302701F0CDFB0005D58C8 /* Embed App Extensions */,
			);
			buildRules = (
			);
			dependencies = (
				84F3026B1F0CDFB0005D58C8 /* PBXTargetDependency */,
			);
			name = iweather;
			productName = iweather;
			productReference = 843248A91EF759E3001A2C86 /* iweather.app */;
			productType = "com.apple.product-type.application";
		};
		84F3025F1F0CDFB0005D58C8 /* myWeather */ = {
			isa = PBXNativeTarget;
			buildConfigurationList = 84F3026F1F0CDFB0005D58C8 /* Build configuration list for PBXNativeTarget "myWeather" */;
			buildPhases = (
				BCAC491853FE77A92CF475D0 /* [CP] Check Pods Manifest.lock */,
				84F3025C1F0CDFB0005D58C8 /* Sources */,
				84F3025D1F0CDFB0005D58C8 /* Frameworks */,
				84F3025E1F0CDFB0005D58C8 /* Resources */,
				ACB635D38F77D263A3D9AB05 /* [CP] Copy Pods Resources */,
			);
			buildRules = (
			);
			dependencies = (
			);
			name = myWeather;
			productName = myWeather;
			productReference = 84F302601F0CDFB0005D58C8 /* myWeather.appex */;
			productType = "com.apple.product-type.app-extension";
		};
/* End PBXNativeTarget section */

/* Begin PBXProject section */
		843248A11EF759E3001A2C86 /* Project object */ = {
			isa = PBXProject;
			attributes = {
				LastSwiftUpdateCheck = 0830;
				LastUpgradeCheck = 0830;
				ORGANIZATIONNAME = MyStudio;
				TargetAttributes = {
					843248A81EF759E3001A2C86 = {
						CreatedOnToolsVersion = 8.3.2;
						DevelopmentTeam = 84RK425W2T;
						LastSwiftMigration = 0830;
						ProvisioningStyle = Automatic;
					};
					84F3025F1F0CDFB0005D58C8 = {
						CreatedOnToolsVersion = 8.3.2;
						DevelopmentTeam = 84RK425W2T;
						ProvisioningStyle = Automatic;
					};
				};
			};
			buildConfigurationList = 843248A41EF759E3001A2C86 /* Build configuration list for PBXProject "iweather" */;
			compatibilityVersion = "Xcode 3.2";
			developmentRegion = English;
			hasScannedForEncodings = 0;
			knownRegions = (
				en,
				Base,
			);
			mainGroup = 843248A01EF759E3001A2C86;
			productRefGroup = 843248AA1EF759E3001A2C86 /* Products */;
			projectDirPath = "";
			projectRoot = "";
			targets = (
				843248A81EF759E3001A2C86 /* iweather */,
				84F3025F1F0CDFB0005D58C8 /* myWeather */,
			);
		};
/* End PBXProject section */

/* Begin PBXResourcesBuildPhase section */
		843248A71EF759E3001A2C86 /* Resources */ = {
			isa = PBXResourcesBuildPhase;
			buildActionMask = 2147483647;
			files = (
				84309D861F03AE63002B5CD0 /* TempTimeCell.xib in Resources */,
				84309D821F0390AA002B5CD0 /* 1234.png in Resources */,
				84DD4BFC1F020254005120F2 /* InfoDetailLocation.xib in Resources */,
				84F36D571EFCFFBE0057B481 /* TempTenDayCell.xib in Resources */,
				84B72AF01F14BC3500367B0D /* backGround.jpg in Resources */,
				84E9AABC1F13650C00FFBCFE /* retro_intro@2x.png in Resources */,
				84E9AAB31F13650C00FFBCFE /* currentSearchDot@2x.png in Resources */,
				84C665741F00DFE3004604D8 /* CellSearch.xib in Resources */,
				84F36D5F1EFD05920057B481 /* InfoWeatherCell.xib in Resources */,
				841B5F8E1EFB993500632357 /* CellLast.xib in Resources */,
				84E9AAB41F13650C00FFBCFE /* Default-568h@2x.png in Resources */,
				84E9AAB51F13650C00FFBCFE /* Default.png in Resources */,
				843248DB1EF7E6AD001A2C86 /* menu.png in Resources */,
				84F5E5721F1714DC00A81B7F /* currentimgPage0.png in Resources */,
				84F5E5741F1716A900A81B7F /* locationBlack.png in Resources */,
				84E9AAB61F13650C00FFBCFE /* Default@2x.png in Resources */,
				84E9AABE1F13650C00FFBCFE /* searchMask.png in Resources */,
				841039121F15B397002A77D8 /* backgoundetail2.png in Resources */,
				84E9AABF1F13650C00FFBCFE /* searchMask@2x.png in Resources */,
				845674071F2208780000D603 /* fan404040.png in Resources */,
				84E9AAB21F13650C00FFBCFE /* currentPageDot@2x.png in Resources */,
				84AA0F1D1F21A43A00CDA8D0 /* if_map.png in Resources */,
				84E9AABB1F13650C00FFBCFE /* pageDot@2x.png in Resources */,
				845674011F22045C0000D603 /* fan12080.jpg in Resources */,
				84E9AAAE1F13650C00FFBCFE /* appleDot@2x.png in Resources */,
				846619281F04A08E00C2954D /* sunrise.png in Resources */,
				8490980D1EFAD0BD00DA288F /* Main.storyboard in Resources */,
				848E5C0A1F0B9F220098F4EF /* location.png in Resources */,
				843248B71EF759E3001A2C86 /* LaunchScreen.storyboard in Resources */,
				84E9AAB11F13650C00FFBCFE /* currentAppleDot@2x.png in Resources */,
				841B5F901EFB993500632357 /* CellWeather.xib in Resources */,
				845674051F2206ED0000D603 /* WindCell.xib in Resources */,
				842919BB1EFBAF28001FB6F5 /* TempHoursHeaderInSection.xib in Resources */,
				843248CE1EF764B2001A2C86 /* plus.png in Resources */,
				84F36D5B1EFD054F0057B481 /* InfoLocationCell.xib in Resources */,
				84B72AEE1F14B34100367B0D /* location1.png in Resources */,
				846619291F04A08E00C2954D /* sunset.png in Resources */,
				84AA0F1F1F21A4C400CDA8D0 /* mapGray1.png in Resources */,
				84E9AAB01F13650C00FFBCFE /* appleMask@2x.png in Resources */,
				8309BA6F1EFA01370055A13A /* Assets.xcassets in Resources */,
				84E9AABD1F13650C00FFBCFE /* searchDot@2x.png in Resources */,
				84E9AAAF1F13650C00FFBCFE /* appleMask.png in Resources */,
				84B72AF61F14DB2200367B0D /* backgoundetail1.png in Resources */,
				84B72AF41F14D65700367B0D /* backgoundetail.jpeg in Resources */,
				845673F91F21E40D0000D603 /* ViewMarke.xib in Resources */,
				845674091F221D190000D603 /* fan120801.png in Resources */,
			);
			runOnlyForDeploymentPostprocessing = 0;
		};
		84F3025E1F0CDFB0005D58C8 /* Resources */ = {
			isa = PBXResourcesBuildPhase;
			buildActionMask = 2147483647;
			files = (
				84F302681F0CDFB0005D58C8 /* MainInterface.storyboard in Resources */,
			);
			runOnlyForDeploymentPostprocessing = 0;
		};
/* End PBXResourcesBuildPhase section */

/* Begin PBXShellScriptBuildPhase section */
		31E469715D176F1168DDB328 /* [CP] Check Pods Manifest.lock */ = {
			isa = PBXShellScriptBuildPhase;
			buildActionMask = 2147483647;
			files = (
			);
			inputPaths = (
			);
			name = "[CP] Check Pods Manifest.lock";
			outputPaths = (
			);
			runOnlyForDeploymentPostprocessing = 0;
			shellPath = /bin/sh;
			shellScript = "diff \"${PODS_PODFILE_DIR_PATH}/Podfile.lock\" \"${PODS_ROOT}/Manifest.lock\" > /dev/null\nif [ $? != 0 ] ; then\n    # print error to STDERR\n    echo \"error: The sandbox is not in sync with the Podfile.lock. Run 'pod install' or update your CocoaPods installation.\" >&2\n    exit 1\nfi\n";
			showEnvVarsInLog = 0;
		};
		5918AB016C69B4B8B99BF836 /* [CP] Copy Pods Resources */ = {
			isa = PBXShellScriptBuildPhase;
			buildActionMask = 2147483647;
			files = (
			);
			inputPaths = (
			);
			name = "[CP] Copy Pods Resources";
			outputPaths = (
			);
			runOnlyForDeploymentPostprocessing = 0;
			shellPath = /bin/sh;
			shellScript = "\"${SRCROOT}/Pods/Target Support Files/Pods-iweather/Pods-iweather-resources.sh\"\n";
			showEnvVarsInLog = 0;
		};
		ACB635D38F77D263A3D9AB05 /* [CP] Copy Pods Resources */ = {
			isa = PBXShellScriptBuildPhase;
			buildActionMask = 2147483647;
			files = (
			);
			inputPaths = (
			);
			name = "[CP] Copy Pods Resources";
			outputPaths = (
			);
			runOnlyForDeploymentPostprocessing = 0;
			shellPath = /bin/sh;
			shellScript = "\"${SRCROOT}/Pods/Target Support Files/Pods-myWeather/Pods-myWeather-resources.sh\"\n";
			showEnvVarsInLog = 0;
		};
		BCAC491853FE77A92CF475D0 /* [CP] Check Pods Manifest.lock */ = {
			isa = PBXShellScriptBuildPhase;
			buildActionMask = 2147483647;
			files = (
			);
			inputPaths = (
			);
			name = "[CP] Check Pods Manifest.lock";
			outputPaths = (
			);
			runOnlyForDeploymentPostprocessing = 0;
			shellPath = /bin/sh;
			shellScript = "diff \"${PODS_PODFILE_DIR_PATH}/Podfile.lock\" \"${PODS_ROOT}/Manifest.lock\" > /dev/null\nif [ $? != 0 ] ; then\n    # print error to STDERR\n    echo \"error: The sandbox is not in sync with the Podfile.lock. Run 'pod install' or update your CocoaPods installation.\" >&2\n    exit 1\nfi\n";
			showEnvVarsInLog = 0;
		};
		DAE1552FA39997852D141222 /* [CP] Embed Pods Frameworks */ = {
			isa = PBXShellScriptBuildPhase;
			buildActionMask = 2147483647;
			files = (
			);
			inputPaths = (
			);
			name = "[CP] Embed Pods Frameworks";
			outputPaths = (
			);
			runOnlyForDeploymentPostprocessing = 0;
			shellPath = /bin/sh;
			shellScript = "\"${SRCROOT}/Pods/Target Support Files/Pods-iweather/Pods-iweather-frameworks.sh\"\n";
			showEnvVarsInLog = 0;
		};
/* End PBXShellScriptBuildPhase section */

/* Begin PBXSourcesBuildPhase section */
		843248A51EF759E3001A2C86 /* Sources */ = {
			isa = PBXSourcesBuildPhase;
			buildActionMask = 2147483647;
			files = (
				84F36D5E1EFD05920057B481 /* InfoWeatherCell.swift in Sources */,
				841B5F8F1EFB993500632357 /* CellWeather.swift in Sources */,
				8432EF181F20972D0003428C /* NVActivityIndicatorAnimationLineScalePulseOutRapid.swift in Sources */,
				84363BE41F0DD9AA00BF20F4 /* StatusWeather.swift in Sources */,
				8432EF191F20972D0003428C /* NVActivityIndicatorAnimationLineSpinFadeLoader.swift in Sources */,
				8432EF031F20972D0003428C /* NVActivityIndicatorAnimationBallClipRotatePulse.swift in Sources */,
				8432EF151F20972D0003428C /* NVActivityIndicatorAnimationLineScale.swift in Sources */,
				8432EF021F20972D0003428C /* NVActivityIndicatorAnimationBallClipRotateMultiple.swift in Sources */,
				84DD4BFB1F020254005120F2 /* InfoDetailLocation.swift in Sources */,
				843248C81EF7614E001A2C86 /* NetworkManager.swift in Sources */,
				8432EF091F20972D0003428C /* NVActivityIndicatorAnimationBallRotate.swift in Sources */,
				84C665761F00E287004604D8 /* SearchModel.swift in Sources */,
				8432EF201F20972D0003428C /* NVActivityIndicatorShape.swift in Sources */,
				8432EF061F20972D0003428C /* NVActivityIndicatorAnimationBallPulse.swift in Sources */,
				8432EF071F20972D0003428C /* NVActivityIndicatorAnimationBallPulseRise.swift in Sources */,
				8432EF0E1F20972D0003428C /* NVActivityIndicatorAnimationBallScaleRippleMultiple.swift in Sources */,
				8432EF1E1F20972D0003428C /* NVActivityIndicatorAnimationTriangleSkewSpin.swift in Sources */,
				8432EF0D1F20972D0003428C /* NVActivityIndicatorAnimationBallScaleRipple.swift in Sources */,
				843248D31EF7704E001A2C86 /* IweatheModel.swift in Sources */,
				8432EF011F20972D0003428C /* NVActivityIndicatorAnimationBallClipRotate.swift in Sources */,
				84363BE21F0DD02200BF20F4 /* Define.swift in Sources */,
				8432EF171F20972D0003428C /* NVActivityIndicatorAnimationLineScalePulseOut.swift in Sources */,
				8432EF121F20972D0003428C /* NVActivityIndicatorAnimationBallZigZagDeflect.swift in Sources */,
				841B5F871EFB79D800632357 /* EZLoadingActivity.swift in Sources */,
				8432EF101F20972D0003428C /* NVActivityIndicatorAnimationBallTrianglePath.swift in Sources */,
				84E9AAC61F13653600FFBCFE /* SMPageControl.m in Sources */,
				841B5F971EFBA12500632357 /* TempHoursHeaderInSection.swift in Sources */,
				8432EF0F1F20972D0003428C /* NVActivityIndicatorAnimationBallSpinFadeLoader.swift in Sources */,
				8432EF1B1F20972D0003428C /* NVActivityIndicatorAnimationPacman.swift in Sources */,
				8432EF1C1F20972D0003428C /* NVActivityIndicatorAnimationSemiCircleSpin.swift in Sources */,
				84F36D5A1EFD054F0057B481 /* InfoLocationCell.swift in Sources */,
				8432EF0B1F20972D0003428C /* NVActivityIndicatorAnimationBallScale.swift in Sources */,
				84C665781F00EF6E004604D8 /* ResulfSearchModel.swift in Sources */,
				8432EF111F20972D0003428C /* NVActivityIndicatorAnimationBallZigZag.swift in Sources */,
				8432EF161F20972D0003428C /* NVActivityIndicatorAnimationLineScaleParty.swift in Sources */,
				84C665731F00DFE3004604D8 /* CellSearch.swift in Sources */,
				8432EEFF1F20972D0003428C /* NVActivityIndicatorAnimationAudioEqualizer.swift in Sources */,
				843248D91EF7E191001A2C86 /* HomeDetailVC.swift in Sources */,
				843248D01EF76CFD001A2C86 /* SearchVC.swift in Sources */,
				8432EF041F20972D0003428C /* NVActivityIndicatorAnimationBallGridBeat.swift in Sources */,
				8432EF211F20972D0003428C /* NVActivityIndicatorView.swift in Sources */,
				8432EF001F20972D0003428C /* NVActivityIndicatorAnimationBallBeat.swift in Sources */,
				8432EF0C1F20972D0003428C /* NVActivityIndicatorAnimationBallScaleMultiple.swift in Sources */,
				8432EF0A1F20972D0003428C /* NVActivityIndicatorAnimationBallRotateChase.swift in Sources */,
				8432EF1A1F20972D0003428C /* NVActivityIndicatorAnimationOrbit.swift in Sources */,
				8432EF141F20972D0003428C /* NVActivityIndicatorAnimationCubeTransition.swift in Sources */,
				84F36D561EFCFFBE0057B481 /* TempTenDayCell.swift in Sources */,
				8432EF051F20972D0003428C /* NVActivityIndicatorAnimationBallGridPulse.swift in Sources */,
				8432EF1F1F20972D0003428C /* NVActivityIndicatorAnimationDelegate.swift in Sources */,
				8475A2DD1EF9327A00412025 /* ForecastModel.swift in Sources */,
				8432EF221F20972D0003428C /* NVActivityIndicatorPresenter.swift in Sources */,
				841A2AB31F05E7210052FC4E /* DataTempHours.swift in Sources */,
				8432EF231F20972D0003428C /* NVActivityIndicatorViewable.swift in Sources */,
				845673FB1F21E4B00000D603 /* ViewMarke.swift in Sources */,
				8432EF1D1F20972D0003428C /* NVActivityIndicatorAnimationSquareSpin.swift in Sources */,
				8432EF081F20972D0003428C /* NVActivityIndicatorAnimationBallPulseSync.swift in Sources */,
				8466192B1F04F97800C2954D /* TempHoursModel.swift in Sources */,
				843248AD1EF759E3001A2C86 /* AppDelegate.swift in Sources */,
				8432EF131F20972D0003428C /* NVActivityIndicatorAnimationBlank.swift in Sources */,
				84DD4BFE1F021319005120F2 /* StringExtension.swift in Sources */,
				841B5F8D1EFB993500632357 /* CellLast.swift in Sources */,
				845674041F2206ED0000D603 /* WindCell.swift in Sources */,
				845673F51F21AE700000D603 /* GooGleMapVC.swift in Sources */,
				843248C51EF75AEE001A2C86 /* HomeVC.swift in Sources */,
				845673FD1F21EFBB0000D603 /* NibDesignable.swift in Sources */,
				84309D851F03AE63002B5CD0 /* TempTimeCell.swift in Sources */,
			);
			runOnlyForDeploymentPostprocessing = 0;
		};
		84F3025C1F0CDFB0005D58C8 /* Sources */ = {
			isa = PBXSourcesBuildPhase;
			buildActionMask = 2147483647;
			files = (
				84363BEF1F0E3DCF00BF20F4 /* TempHoursModel.swift in Sources */,
				84363BEB1F0E3DBC00BF20F4 /* IweatheModel.swift in Sources */,
				84363BE91F0E3DB400BF20F4 /* NetworkManager.swift in Sources */,
				84363BEE1F0E3DCC00BF20F4 /* ResulfSearchModel.swift in Sources */,
				84F302651F0CDFB0005D58C8 /* TodayViewController.swift in Sources */,
				84363BED1F0E3DC300BF20F4 /* SearchModel.swift in Sources */,
				84363BEC1F0E3DC000BF20F4 /* ForecastModel.swift in Sources */,
				84363BEA1F0E3DB600BF20F4 /* DataTempHours.swift in Sources */,
			);
			runOnlyForDeploymentPostprocessing = 0;
		};
/* End PBXSourcesBuildPhase section */

/* Begin PBXTargetDependency section */
		84F3026B1F0CDFB0005D58C8 /* PBXTargetDependency */ = {
			isa = PBXTargetDependency;
			target = 84F3025F1F0CDFB0005D58C8 /* myWeather */;
			targetProxy = 84F3026A1F0CDFB0005D58C8 /* PBXContainerItemProxy */;
		};
/* End PBXTargetDependency section */

/* Begin PBXVariantGroup section */
		843248B51EF759E3001A2C86 /* LaunchScreen.storyboard */ = {
			isa = PBXVariantGroup;
			children = (
				843248B61EF759E3001A2C86 /* Base */,
			);
			name = LaunchScreen.storyboard;
			path = ..;
			sourceTree = "<group>";
		};
		84F302661F0CDFB0005D58C8 /* MainInterface.storyboard */ = {
			isa = PBXVariantGroup;
			children = (
				84F302671F0CDFB0005D58C8 /* Base */,
			);
			name = MainInterface.storyboard;
			sourceTree = "<group>";
		};
/* End PBXVariantGroup section */

/* Begin XCBuildConfiguration section */
		843248B91EF759E3001A2C86 /* Debug */ = {
			isa = XCBuildConfiguration;
			buildSettings = {
				ALWAYS_SEARCH_USER_PATHS = NO;
				CLANG_ANALYZER_NONNULL = YES;
				CLANG_ANALYZER_NUMBER_OBJECT_CONVERSION = YES_AGGRESSIVE;
				CLANG_CXX_LANGUAGE_STANDARD = "gnu++0x";
				CLANG_CXX_LIBRARY = "libc++";
				CLANG_ENABLE_MODULES = YES;
				CLANG_ENABLE_OBJC_ARC = YES;
				CLANG_WARN_BOOL_CONVERSION = YES;
				CLANG_WARN_CONSTANT_CONVERSION = YES;
				CLANG_WARN_DIRECT_OBJC_ISA_USAGE = YES_ERROR;
				CLANG_WARN_DOCUMENTATION_COMMENTS = YES;
				CLANG_WARN_EMPTY_BODY = YES;
				CLANG_WARN_ENUM_CONVERSION = YES;
				CLANG_WARN_INFINITE_RECURSION = YES;
				CLANG_WARN_INT_CONVERSION = YES;
				CLANG_WARN_OBJC_ROOT_CLASS = YES_ERROR;
				CLANG_WARN_SUSPICIOUS_MOVE = YES;
				CLANG_WARN_UNREACHABLE_CODE = YES;
				CLANG_WARN__DUPLICATE_METHOD_MATCH = YES;
				"CODE_SIGN_IDENTITY[sdk=iphoneos*]" = "iPhone Developer";
				COPY_PHASE_STRIP = NO;
				DEBUG_INFORMATION_FORMAT = dwarf;
				ENABLE_STRICT_OBJC_MSGSEND = YES;
				ENABLE_TESTABILITY = YES;
				GCC_C_LANGUAGE_STANDARD = gnu99;
				GCC_DYNAMIC_NO_PIC = NO;
				GCC_NO_COMMON_BLOCKS = YES;
				GCC_OPTIMIZATION_LEVEL = 0;
				GCC_PREPROCESSOR_DEFINITIONS = (
					"DEBUG=1",
					"$(inherited)",
				);
				GCC_WARN_64_TO_32_BIT_CONVERSION = YES;
				GCC_WARN_ABOUT_RETURN_TYPE = YES_ERROR;
				GCC_WARN_UNDECLARED_SELECTOR = YES;
				GCC_WARN_UNINITIALIZED_AUTOS = YES_AGGRESSIVE;
				GCC_WARN_UNUSED_FUNCTION = YES;
				GCC_WARN_UNUSED_VARIABLE = YES;
				IPHONEOS_DEPLOYMENT_TARGET = 9.0;
				MTL_ENABLE_DEBUG_INFO = YES;
				ONLY_ACTIVE_ARCH = YES;
				SDKROOT = iphoneos;
				SWIFT_ACTIVE_COMPILATION_CONDITIONS = DEBUG;
				SWIFT_OPTIMIZATION_LEVEL = "-Onone";
				TARGETED_DEVICE_FAMILY = "1,2";
			};
			name = Debug;
		};
		843248BA1EF759E3001A2C86 /* Release */ = {
			isa = XCBuildConfiguration;
			buildSettings = {
				ALWAYS_SEARCH_USER_PATHS = NO;
				CLANG_ANALYZER_NONNULL = YES;
				CLANG_ANALYZER_NUMBER_OBJECT_CONVERSION = YES_AGGRESSIVE;
				CLANG_CXX_LANGUAGE_STANDARD = "gnu++0x";
				CLANG_CXX_LIBRARY = "libc++";
				CLANG_ENABLE_MODULES = YES;
				CLANG_ENABLE_OBJC_ARC = YES;
				CLANG_WARN_BOOL_CONVERSION = YES;
				CLANG_WARN_CONSTANT_CONVERSION = YES;
				CLANG_WARN_DIRECT_OBJC_ISA_USAGE = YES_ERROR;
				CLANG_WARN_DOCUMENTATION_COMMENTS = YES;
				CLANG_WARN_EMPTY_BODY = YES;
				CLANG_WARN_ENUM_CONVERSION = YES;
				CLANG_WARN_INFINITE_RECURSION = YES;
				CLANG_WARN_INT_CONVERSION = YES;
				CLANG_WARN_OBJC_ROOT_CLASS = YES_ERROR;
				CLANG_WARN_SUSPICIOUS_MOVE = YES;
				CLANG_WARN_UNREACHABLE_CODE = YES;
				CLANG_WARN__DUPLICATE_METHOD_MATCH = YES;
				"CODE_SIGN_IDENTITY[sdk=iphoneos*]" = "iPhone Developer";
				COPY_PHASE_STRIP = NO;
				DEBUG_INFORMATION_FORMAT = "dwarf-with-dsym";
				ENABLE_NS_ASSERTIONS = NO;
				ENABLE_STRICT_OBJC_MSGSEND = YES;
				GCC_C_LANGUAGE_STANDARD = gnu99;
				GCC_NO_COMMON_BLOCKS = YES;
				GCC_WARN_64_TO_32_BIT_CONVERSION = YES;
				GCC_WARN_ABOUT_RETURN_TYPE = YES_ERROR;
				GCC_WARN_UNDECLARED_SELECTOR = YES;
				GCC_WARN_UNINITIALIZED_AUTOS = YES_AGGRESSIVE;
				GCC_WARN_UNUSED_FUNCTION = YES;
				GCC_WARN_UNUSED_VARIABLE = YES;
				IPHONEOS_DEPLOYMENT_TARGET = 9.0;
				MTL_ENABLE_DEBUG_INFO = NO;
				SDKROOT = iphoneos;
				SWIFT_OPTIMIZATION_LEVEL = "-Owholemodule";
				TARGETED_DEVICE_FAMILY = "1,2";
				VALIDATE_PRODUCT = YES;
			};
			name = Release;
		};
		843248BC1EF759E3001A2C86 /* Debug */ = {
			isa = XCBuildConfiguration;
			baseConfigurationReference = 6DBD13929700202BC24F1459 /* Pods-iweather.debug.xcconfig */;
			buildSettings = {
				ALWAYS_EMBED_SWIFT_STANDARD_LIBRARIES = YES;
				ASSETCATALOG_COMPILER_APPICON_NAME = AppIcon;
				ASSETCATALOG_COMPILER_LAUNCHIMAGE_NAME = LaunchImage;
				CLANG_ENABLE_MODULES = YES;
				DEVELOPMENT_TEAM = 84RK425W2T;
				INFOPLIST_FILE = iweather/Info.plist;
				LD_RUNPATH_SEARCH_PATHS = "$(inherited) @executable_path/Frameworks";
				PRODUCT_BUNDLE_IDENTIFIER = com.mrtienvu123.iweather;
				PRODUCT_NAME = "$(TARGET_NAME)";
				SWIFT_OBJC_BRIDGING_HEADER = "iweather/SMPageControl/iweather-Bridging-Header.h";
				SWIFT_OPTIMIZATION_LEVEL = "-Onone";
				SWIFT_VERSION = 3.0;
			};
			name = Debug;
		};
		843248BD1EF759E3001A2C86 /* Release */ = {
			isa = XCBuildConfiguration;
			baseConfigurationReference = 15CC17203C2D237A192A3F7A /* Pods-iweather.release.xcconfig */;
			buildSettings = {
				ALWAYS_EMBED_SWIFT_STANDARD_LIBRARIES = YES;
				ASSETCATALOG_COMPILER_APPICON_NAME = AppIcon;
				ASSETCATALOG_COMPILER_LAUNCHIMAGE_NAME = LaunchImage;
				CLANG_ENABLE_MODULES = YES;
				DEVELOPMENT_TEAM = 84RK425W2T;
				INFOPLIST_FILE = iweather/Info.plist;
				LD_RUNPATH_SEARCH_PATHS = "$(inherited) @executable_path/Frameworks";
				PRODUCT_BUNDLE_IDENTIFIER = com.mrtienvu123.iweather;
				PRODUCT_NAME = "$(TARGET_NAME)";
				SWIFT_OBJC_BRIDGING_HEADER = "iweather/SMPageControl/iweather-Bridging-Header.h";
				SWIFT_VERSION = 3.0;
			};
			name = Release;
		};
		84F3026D1F0CDFB0005D58C8 /* Debug */ = {
			isa = XCBuildConfiguration;
			baseConfigurationReference = D3B44AA8E147770450AA68F2 /* Pods-myWeather.debug.xcconfig */;
			buildSettings = {
				DEVELOPMENT_TEAM = 84RK425W2T;
				INFOPLIST_FILE = myWeather/Info.plist;
				IPHONEOS_DEPLOYMENT_TARGET = 9;
				LD_RUNPATH_SEARCH_PATHS = "$(inherited) @executable_path/Frameworks @executable_path/../../Frameworks";
				PRODUCT_BUNDLE_IDENTIFIER = com.mrtienvu123.iweather.myWeather;
				PRODUCT_NAME = "$(TARGET_NAME)";
				SKIP_INSTALL = YES;
				SWIFT_VERSION = 3.0;
			};
			name = Debug;
		};
		84F3026E1F0CDFB0005D58C8 /* Release */ = {
			isa = XCBuildConfiguration;
			baseConfigurationReference = A65C95A368EA5A3ECE89C25F /* Pods-myWeather.release.xcconfig */;
			buildSettings = {
				DEVELOPMENT_TEAM = 84RK425W2T;
				INFOPLIST_FILE = myWeather/Info.plist;
				IPHONEOS_DEPLOYMENT_TARGET = 9;
				LD_RUNPATH_SEARCH_PATHS = "$(inherited) @executable_path/Frameworks @executable_path/../../Frameworks";
				PRODUCT_BUNDLE_IDENTIFIER = com.mrtienvu123.iweather.myWeather;
				PRODUCT_NAME = "$(TARGET_NAME)";
				SKIP_INSTALL = YES;
				SWIFT_VERSION = 3.0;
			};
			name = Release;
		};
/* End XCBuildConfiguration section */

/* Begin XCConfigurationList section */
		843248A41EF759E3001A2C86 /* Build configuration list for PBXProject "iweather" */ = {
			isa = XCConfigurationList;
			buildConfigurations = (
				843248B91EF759E3001A2C86 /* Debug */,
				843248BA1EF759E3001A2C86 /* Release */,
			);
			defaultConfigurationIsVisible = 0;
			defaultConfigurationName = Release;
		};
		843248BB1EF759E3001A2C86 /* Build configuration list for PBXNativeTarget "iweather" */ = {
			isa = XCConfigurationList;
			buildConfigurations = (
				843248BC1EF759E3001A2C86 /* Debug */,
				843248BD1EF759E3001A2C86 /* Release */,
			);
			defaultConfigurationIsVisible = 0;
			defaultConfigurationName = Release;
		};
		84F3026F1F0CDFB0005D58C8 /* Build configuration list for PBXNativeTarget "myWeather" */ = {
			isa = XCConfigurationList;
			buildConfigurations = (
				84F3026D1F0CDFB0005D58C8 /* Debug */,
				84F3026E1F0CDFB0005D58C8 /* Release */,
			);
			defaultConfigurationIsVisible = 0;
			defaultConfigurationName = Release;
		};
/* End XCConfigurationList section */
	};
	rootObject = 843248A11EF759E3001A2C86 /* Project object */;
}
