// !$*UTF8*$!
{
	archiveVersion = 1;
	classes = {
	};
	objectVersion = 46;
	objects = {

/* Begin PBXBuildFile section */
		8309BA6D1EFA011A0055A13A /* Info.plist in Resources */ = {isa = PBXBuildFile; fileRef = 8309BA6C1EFA011A0055A13A /* Info.plist */; };
		8309BA6F1EFA01370055A13A /* Assets.xcassets in Resources */ = {isa = PBXBuildFile; fileRef = 8309BA6E1EFA01370055A13A /* Assets.xcassets */; };
		841A2AB31F05E7210052FC4E /* DataTempHours.swift in Sources */ = {isa = PBXBuildFile; fileRef = 841A2AB21F05E7210052FC4E /* DataTempHours.swift */; };
		841B5F871EFB79D800632357 /* EZLoadingActivity.swift in Sources */ = {isa = PBXBuildFile; fileRef = 841B5F861EFB79D800632357 /* EZLoadingActivity.swift */; };
		841B5F8D1EFB993500632357 /* MyCellLast.swift in Sources */ = {isa = PBXBuildFile; fileRef = 841B5F891EFB993500632357 /* MyCellLast.swift */; };
		841B5F8E1EFB993500632357 /* MyCellLast.xib in Resources */ = {isa = PBXBuildFile; fileRef = 841B5F8A1EFB993500632357 /* MyCellLast.xib */; };
		841B5F8F1EFB993500632357 /* MyCellWeather.swift in Sources */ = {isa = PBXBuildFile; fileRef = 841B5F8B1EFB993500632357 /* MyCellWeather.swift */; };
		841B5F901EFB993500632357 /* MyCellWeather.xib in Resources */ = {isa = PBXBuildFile; fileRef = 841B5F8C1EFB993500632357 /* MyCellWeather.xib */; };
		841B5F971EFBA12500632357 /* MyHeaderInSection.swift in Sources */ = {isa = PBXBuildFile; fileRef = 841B5F961EFBA12500632357 /* MyHeaderInSection.swift */; };
		842919BB1EFBAF28001FB6F5 /* MyHeader.xib in Resources */ = {isa = PBXBuildFile; fileRef = 842919BA1EFBAF28001FB6F5 /* MyHeader.xib */; };
		84309D821F0390AA002B5CD0 /* 1234.png in Resources */ = {isa = PBXBuildFile; fileRef = 84309D811F0390AA002B5CD0 /* 1234.png */; };
		84309D851F03AE63002B5CD0 /* myCellTempHour.swift in Sources */ = {isa = PBXBuildFile; fileRef = 84309D831F03AE63002B5CD0 /* myCellTempHour.swift */; };
		84309D861F03AE63002B5CD0 /* myCellTempHour.xib in Resources */ = {isa = PBXBuildFile; fileRef = 84309D841F03AE63002B5CD0 /* myCellTempHour.xib */; };
		843248AD1EF759E3001A2C86 /* AppDelegate.swift in Sources */ = {isa = PBXBuildFile; fileRef = 843248AC1EF759E3001A2C86 /* AppDelegate.swift */; };
		843248B71EF759E3001A2C86 /* LaunchScreen.storyboard in Resources */ = {isa = PBXBuildFile; fileRef = 843248B51EF759E3001A2C86 /* LaunchScreen.storyboard */; };
		843248C51EF75AEE001A2C86 /* HomeVC.swift in Sources */ = {isa = PBXBuildFile; fileRef = 843248C41EF75AEE001A2C86 /* HomeVC.swift */; };
		843248C81EF7614E001A2C86 /* NetworkManager.swift in Sources */ = {isa = PBXBuildFile; fileRef = 843248C71EF7614E001A2C86 /* NetworkManager.swift */; };
		843248CE1EF764B2001A2C86 /* plus.png in Resources */ = {isa = PBXBuildFile; fileRef = 843248CD1EF764B2001A2C86 /* plus.png */; };
		843248D01EF76CFD001A2C86 /* SearchVC.swift in Sources */ = {isa = PBXBuildFile; fileRef = 843248CF1EF76CFD001A2C86 /* SearchVC.swift */; };
		843248D31EF7704E001A2C86 /* IweatheModel.swift in Sources */ = {isa = PBXBuildFile; fileRef = 843248D21EF7704E001A2C86 /* IweatheModel.swift */; };
		843248D91EF7E191001A2C86 /* HomeDetailVC.swift in Sources */ = {isa = PBXBuildFile; fileRef = 843248D81EF7E191001A2C86 /* HomeDetailVC.swift */; };
		843248DB1EF7E6AD001A2C86 /* menu.png in Resources */ = {isa = PBXBuildFile; fileRef = 843248DA1EF7E6AD001A2C86 /* menu.png */; };
		846619281F04A08E00C2954D /* sunrise.png in Resources */ = {isa = PBXBuildFile; fileRef = 846619261F04A08E00C2954D /* sunrise.png */; };
		846619291F04A08E00C2954D /* sunset.png in Resources */ = {isa = PBXBuildFile; fileRef = 846619271F04A08E00C2954D /* sunset.png */; };
		8466192B1F04F97800C2954D /* TempHoursModel.swift in Sources */ = {isa = PBXBuildFile; fileRef = 8466192A1F04F97800C2954D /* TempHoursModel.swift */; };
		8475A2DD1EF9327A00412025 /* ForecastModel.swift in Sources */ = {isa = PBXBuildFile; fileRef = 8475A2DC1EF9327A00412025 /* ForecastModel.swift */; };
		848E5C0A1F0B9F220098F4EF /* location.png in Resources */ = {isa = PBXBuildFile; fileRef = 848E5C091F0B9F220098F4EF /* location.png */; };
		8490980B1EFACE6900DA288F /* Pods_iweather.framework in Frameworks */ = {isa = PBXBuildFile; fileRef = 8490980A1EFACE6900DA288F /* Pods_iweather.framework */; };
		8490980D1EFAD0BD00DA288F /* Main.storyboard in Resources */ = {isa = PBXBuildFile; fileRef = 8490980C1EFAD0BD00DA288F /* Main.storyboard */; };
		84C665731F00DFE3004604D8 /* MyCellSearch.swift in Sources */ = {isa = PBXBuildFile; fileRef = 84C665711F00DFE3004604D8 /* MyCellSearch.swift */; };
		84C665741F00DFE3004604D8 /* MyCellSearch.xib in Resources */ = {isa = PBXBuildFile; fileRef = 84C665721F00DFE3004604D8 /* MyCellSearch.xib */; };
		84C665761F00E287004604D8 /* SearchModel.swift in Sources */ = {isa = PBXBuildFile; fileRef = 84C665751F00E287004604D8 /* SearchModel.swift */; };
		84C665781F00EF6E004604D8 /* ResulfSearchModel.swift in Sources */ = {isa = PBXBuildFile; fileRef = 84C665771F00EF6E004604D8 /* ResulfSearchModel.swift */; };
		84DD4BFB1F020254005120F2 /* MyCollectionViewCell.swift in Sources */ = {isa = PBXBuildFile; fileRef = 84DD4BF91F020254005120F2 /* MyCollectionViewCell.swift */; };
		84DD4BFC1F020254005120F2 /* MyCollectionViewCell.xib in Resources */ = {isa = PBXBuildFile; fileRef = 84DD4BFA1F020254005120F2 /* MyCollectionViewCell.xib */; };
		84DD4BFE1F021319005120F2 /* StringExtension.swift in Sources */ = {isa = PBXBuildFile; fileRef = 84DD4BFD1F021319005120F2 /* StringExtension.swift */; };
		84F36D561EFCFFBE0057B481 /* MyCellTemp10Day.swift in Sources */ = {isa = PBXBuildFile; fileRef = 84F36D541EFCFFBE0057B481 /* MyCellTemp10Day.swift */; };
		84F36D571EFCFFBE0057B481 /* MyCellTemp10Day.xib in Resources */ = {isa = PBXBuildFile; fileRef = 84F36D551EFCFFBE0057B481 /* MyCellTemp10Day.xib */; };
		84F36D5A1EFD054F0057B481 /* MyCellInfomationLocation.swift in Sources */ = {isa = PBXBuildFile; fileRef = 84F36D581EFD054F0057B481 /* MyCellInfomationLocation.swift */; };
		84F36D5B1EFD054F0057B481 /* MyCellInfomationLocation.xib in Resources */ = {isa = PBXBuildFile; fileRef = 84F36D591EFD054F0057B481 /* MyCellInfomationLocation.xib */; };
		84F36D5E1EFD05920057B481 /* MyCellInfomationWeather.swift in Sources */ = {isa = PBXBuildFile; fileRef = 84F36D5C1EFD05920057B481 /* MyCellInfomationWeather.swift */; };
		84F36D5F1EFD05920057B481 /* MyCellInfomationWeather.xib in Resources */ = {isa = PBXBuildFile; fileRef = 84F36D5D1EFD05920057B481 /* MyCellInfomationWeather.xib */; };
/* End PBXBuildFile section */

/* Begin PBXFileReference section */
		15CC17203C2D237A192A3F7A /* Pods-iweather.release.xcconfig */ = {isa = PBXFileReference; includeInIndex = 1; lastKnownFileType = text.xcconfig; name = "Pods-iweather.release.xcconfig"; path = "Pods/Target Support Files/Pods-iweather/Pods-iweather.release.xcconfig"; sourceTree = "<group>"; };
		6DBD13929700202BC24F1459 /* Pods-iweather.debug.xcconfig */ = {isa = PBXFileReference; includeInIndex = 1; lastKnownFileType = text.xcconfig; name = "Pods-iweather.debug.xcconfig"; path = "Pods/Target Support Files/Pods-iweather/Pods-iweather.debug.xcconfig"; sourceTree = "<group>"; };
		8309BA6C1EFA011A0055A13A /* Info.plist */ = {isa = PBXFileReference; fileEncoding = 4; lastKnownFileType = text.plist.xml; name = Info.plist; path = iweather/Info.plist; sourceTree = SOURCE_ROOT; };
		8309BA6E1EFA01370055A13A /* Assets.xcassets */ = {isa = PBXFileReference; lastKnownFileType = folder.assetcatalog; name = Assets.xcassets; path = iweather/Assets.xcassets; sourceTree = SOURCE_ROOT; };
		841A2AB21F05E7210052FC4E /* DataTempHours.swift */ = {isa = PBXFileReference; fileEncoding = 4; lastKnownFileType = sourcecode.swift; path = DataTempHours.swift; sourceTree = "<group>"; };
		841B5F861EFB79D800632357 /* EZLoadingActivity.swift */ = {isa = PBXFileReference; fileEncoding = 4; lastKnownFileType = sourcecode.swift; path = EZLoadingActivity.swift; sourceTree = "<group>"; };
		841B5F891EFB993500632357 /* MyCellLast.swift */ = {isa = PBXFileReference; fileEncoding = 4; lastKnownFileType = sourcecode.swift; path = MyCellLast.swift; sourceTree = "<group>"; };
		841B5F8A1EFB993500632357 /* MyCellLast.xib */ = {isa = PBXFileReference; fileEncoding = 4; lastKnownFileType = file.xib; path = MyCellLast.xib; sourceTree = "<group>"; };
		841B5F8B1EFB993500632357 /* MyCellWeather.swift */ = {isa = PBXFileReference; fileEncoding = 4; lastKnownFileType = sourcecode.swift; path = MyCellWeather.swift; sourceTree = "<group>"; };
		841B5F8C1EFB993500632357 /* MyCellWeather.xib */ = {isa = PBXFileReference; fileEncoding = 4; lastKnownFileType = file.xib; path = MyCellWeather.xib; sourceTree = "<group>"; };
		841B5F961EFBA12500632357 /* MyHeaderInSection.swift */ = {isa = PBXFileReference; fileEncoding = 4; lastKnownFileType = sourcecode.swift; path = MyHeaderInSection.swift; sourceTree = "<group>"; };
		842919BA1EFBAF28001FB6F5 /* MyHeader.xib */ = {isa = PBXFileReference; fileEncoding = 4; lastKnownFileType = file.xib; path = MyHeader.xib; sourceTree = "<group>"; };
		84309D811F0390AA002B5CD0 /* 1234.png */ = {isa = PBXFileReference; lastKnownFileType = image.png; path = 1234.png; sourceTree = "<group>"; };
		84309D831F03AE63002B5CD0 /* myCellTempHour.swift */ = {isa = PBXFileReference; fileEncoding = 4; lastKnownFileType = sourcecode.swift; path = myCellTempHour.swift; sourceTree = "<group>"; };
		84309D841F03AE63002B5CD0 /* myCellTempHour.xib */ = {isa = PBXFileReference; fileEncoding = 4; lastKnownFileType = file.xib; path = myCellTempHour.xib; sourceTree = "<group>"; };
		843248A91EF759E3001A2C86 /* iweather.app */ = {isa = PBXFileReference; explicitFileType = wrapper.application; includeInIndex = 0; path = iweather.app; sourceTree = BUILT_PRODUCTS_DIR; };
		843248AC1EF759E3001A2C86 /* AppDelegate.swift */ = {isa = PBXFileReference; lastKnownFileType = sourcecode.swift; name = AppDelegate.swift; path = iweather/AppDelegate.swift; sourceTree = SOURCE_ROOT; };
		843248B61EF759E3001A2C86 /* Base */ = {isa = PBXFileReference; lastKnownFileType = file.storyboard; name = Base; path = Base.lproj/LaunchScreen.storyboard; sourceTree = "<group>"; };
		843248C41EF75AEE001A2C86 /* HomeVC.swift */ = {isa = PBXFileReference; fileEncoding = 4; lastKnownFileType = sourcecode.swift; path = HomeVC.swift; sourceTree = "<group>"; };
		843248C71EF7614E001A2C86 /* NetworkManager.swift */ = {isa = PBXFileReference; fileEncoding = 4; lastKnownFileType = sourcecode.swift; path = NetworkManager.swift; sourceTree = "<group>"; };
		843248CD1EF764B2001A2C86 /* plus.png */ = {isa = PBXFileReference; lastKnownFileType = image.png; path = plus.png; sourceTree = "<group>"; };
		843248CF1EF76CFD001A2C86 /* SearchVC.swift */ = {isa = PBXFileReference; fileEncoding = 4; lastKnownFileType = sourcecode.swift; path = SearchVC.swift; sourceTree = "<group>"; };
		843248D21EF7704E001A2C86 /* IweatheModel.swift */ = {isa = PBXFileReference; fileEncoding = 4; lastKnownFileType = sourcecode.swift; path = IweatheModel.swift; sourceTree = "<group>"; };
		843248D81EF7E191001A2C86 /* HomeDetailVC.swift */ = {isa = PBXFileReference; fileEncoding = 4; lastKnownFileType = sourcecode.swift; path = HomeDetailVC.swift; sourceTree = "<group>"; };
		843248DA1EF7E6AD001A2C86 /* menu.png */ = {isa = PBXFileReference; lastKnownFileType = image.png; path = menu.png; sourceTree = "<group>"; };
		846619261F04A08E00C2954D /* sunrise.png */ = {isa = PBXFileReference; lastKnownFileType = image.png; path = sunrise.png; sourceTree = "<group>"; };
		846619271F04A08E00C2954D /* sunset.png */ = {isa = PBXFileReference; lastKnownFileType = image.png; path = sunset.png; sourceTree = "<group>"; };
		8466192A1F04F97800C2954D /* TempHoursModel.swift */ = {isa = PBXFileReference; fileEncoding = 4; lastKnownFileType = sourcecode.swift; path = TempHoursModel.swift; sourceTree = "<group>"; };
		8475A2DC1EF9327A00412025 /* ForecastModel.swift */ = {isa = PBXFileReference; fileEncoding = 4; lastKnownFileType = sourcecode.swift; path = ForecastModel.swift; sourceTree = "<group>"; };
		848E5C091F0B9F220098F4EF /* location.png */ = {isa = PBXFileReference; lastKnownFileType = image.png; path = location.png; sourceTree = "<group>"; };
		8490980A1EFACE6900DA288F /* Pods_iweather.framework */ = {isa = PBXFileReference; lastKnownFileType = wrapper.framework; name = Pods_iweather.framework; path = "../../../Library/Developer/Xcode/DerivedData/iweather-fewvqkhnshrxwmhiccxtrbvguiio/Build/Products/Debug-iphonesimulator/Pods_iweather.framework"; sourceTree = "<group>"; };
		8490980C1EFAD0BD00DA288F /* Main.storyboard */ = {isa = PBXFileReference; fileEncoding = 4; lastKnownFileType = file.storyboard; name = Main.storyboard; path = ../../AppDelegate/Main.storyboard; sourceTree = "<group>"; };
		84C665711F00DFE3004604D8 /* MyCellSearch.swift */ = {isa = PBXFileReference; fileEncoding = 4; lastKnownFileType = sourcecode.swift; path = MyCellSearch.swift; sourceTree = "<group>"; };
		84C665721F00DFE3004604D8 /* MyCellSearch.xib */ = {isa = PBXFileReference; fileEncoding = 4; lastKnownFileType = file.xib; path = MyCellSearch.xib; sourceTree = "<group>"; };
		84C665751F00E287004604D8 /* SearchModel.swift */ = {isa = PBXFileReference; fileEncoding = 4; lastKnownFileType = sourcecode.swift; path = SearchModel.swift; sourceTree = "<group>"; };
		84C665771F00EF6E004604D8 /* ResulfSearchModel.swift */ = {isa = PBXFileReference; fileEncoding = 4; lastKnownFileType = sourcecode.swift; path = ResulfSearchModel.swift; sourceTree = "<group>"; };
		84DD4BF91F020254005120F2 /* MyCollectionViewCell.swift */ = {isa = PBXFileReference; fileEncoding = 4; lastKnownFileType = sourcecode.swift; path = MyCollectionViewCell.swift; sourceTree = "<group>"; };
		84DD4BFA1F020254005120F2 /* MyCollectionViewCell.xib */ = {isa = PBXFileReference; fileEncoding = 4; lastKnownFileType = file.xib; path = MyCollectionViewCell.xib; sourceTree = "<group>"; };
		84DD4BFD1F021319005120F2 /* StringExtension.swift */ = {isa = PBXFileReference; fileEncoding = 4; lastKnownFileType = sourcecode.swift; path = StringExtension.swift; sourceTree = "<group>"; };
		84F36D541EFCFFBE0057B481 /* MyCellTemp10Day.swift */ = {isa = PBXFileReference; fileEncoding = 4; lastKnownFileType = sourcecode.swift; path = MyCellTemp10Day.swift; sourceTree = "<group>"; };
		84F36D551EFCFFBE0057B481 /* MyCellTemp10Day.xib */ = {isa = PBXFileReference; fileEncoding = 4; lastKnownFileType = file.xib; path = MyCellTemp10Day.xib; sourceTree = "<group>"; };
		84F36D581EFD054F0057B481 /* MyCellInfomationLocation.swift */ = {isa = PBXFileReference; fileEncoding = 4; lastKnownFileType = sourcecode.swift; name = MyCellInfomationLocation.swift; path = ../CellDetail/MyCellInfomationLocation.swift; sourceTree = "<group>"; };
		84F36D591EFD054F0057B481 /* MyCellInfomationLocation.xib */ = {isa = PBXFileReference; fileEncoding = 4; lastKnownFileType = file.xib; name = MyCellInfomationLocation.xib; path = ../CellDetail/MyCellInfomationLocation.xib; sourceTree = "<group>"; };
		84F36D5C1EFD05920057B481 /* MyCellInfomationWeather.swift */ = {isa = PBXFileReference; fileEncoding = 4; lastKnownFileType = sourcecode.swift; path = MyCellInfomationWeather.swift; sourceTree = "<group>"; };
		84F36D5D1EFD05920057B481 /* MyCellInfomationWeather.xib */ = {isa = PBXFileReference; fileEncoding = 4; lastKnownFileType = file.xib; path = MyCellInfomationWeather.xib; sourceTree = "<group>"; };
		E202ADDA2A4B9ECD06F93CF6 /* Pods_iweather.framework */ = {isa = PBXFileReference; explicitFileType = wrapper.framework; includeInIndex = 0; path = Pods_iweather.framework; sourceTree = BUILT_PRODUCTS_DIR; };
/* End PBXFileReference section */

/* Begin PBXFrameworksBuildPhase section */
		843248A61EF759E3001A2C86 /* Frameworks */ = {
			isa = PBXFrameworksBuildPhase;
			buildActionMask = 2147483647;
			files = (
				8490980B1EFACE6900DA288F /* Pods_iweather.framework in Frameworks */,
			);
			runOnlyForDeploymentPostprocessing = 0;
		};
/* End PBXFrameworksBuildPhase section */

/* Begin PBXGroup section */
		841B5F831EFB75DD00632357 /* Support */ = {
			isa = PBXGroup;
			children = (
				8309BA6E1EFA01370055A13A /* Assets.xcassets */,
				843248B51EF759E3001A2C86 /* LaunchScreen.storyboard */,
				8309BA6C1EFA011A0055A13A /* Info.plist */,
				841B5F861EFB79D800632357 /* EZLoadingActivity.swift */,
				84DD4BFD1F021319005120F2 /* StringExtension.swift */,
			);
			path = Support;
			sourceTree = "<group>";
		};
		841B5F881EFB993500632357 /* CellHome */ = {
			isa = PBXGroup;
			children = (
				841B5F891EFB993500632357 /* MyCellLast.swift */,
				841B5F8A1EFB993500632357 /* MyCellLast.xib */,
				84F36D581EFD054F0057B481 /* MyCellInfomationLocation.swift */,
				84F36D591EFD054F0057B481 /* MyCellInfomationLocation.xib */,
				841B5F8B1EFB993500632357 /* MyCellWeather.swift */,
				841B5F8C1EFB993500632357 /* MyCellWeather.xib */,
			);
			path = CellHome;
			sourceTree = "<group>";
		};
		841B5F911EFB997500632357 /* CellDetail */ = {
			isa = PBXGroup;
			children = (
				841B5F961EFBA12500632357 /* MyHeaderInSection.swift */,
				842919BA1EFBAF28001FB6F5 /* MyHeader.xib */,
				84309D831F03AE63002B5CD0 /* myCellTempHour.swift */,
				84309D841F03AE63002B5CD0 /* myCellTempHour.xib */,
				84F36D541EFCFFBE0057B481 /* MyCellTemp10Day.swift */,
				84F36D551EFCFFBE0057B481 /* MyCellTemp10Day.xib */,
				84F36D5C1EFD05920057B481 /* MyCellInfomationWeather.swift */,
				84F36D5D1EFD05920057B481 /* MyCellInfomationWeather.xib */,
				84DD4BF91F020254005120F2 /* MyCollectionViewCell.swift */,
				84DD4BFA1F020254005120F2 /* MyCollectionViewCell.xib */,
			);
			path = CellDetail;
			sourceTree = "<group>";
		};
		843248A01EF759E3001A2C86 = {
			isa = PBXGroup;
			children = (
				843248AB1EF759E3001A2C86 /* iweather */,
				843248AA1EF759E3001A2C86 /* Products */,
				D33B86BE89C1B57BCF4FFB88 /* Pods */,
				90B32AB43286207F17791301 /* Frameworks */,
			);
			sourceTree = "<group>";
		};
		843248AA1EF759E3001A2C86 /* Products */ = {
			isa = PBXGroup;
			children = (
				843248A91EF759E3001A2C86 /* iweather.app */,
			);
			name = Products;
			sourceTree = "<group>";
		};
		843248AB1EF759E3001A2C86 /* iweather */ = {
			isa = PBXGroup;
			children = (
				841B5F831EFB75DD00632357 /* Support */,
				843248C61EF75B46001A2C86 /* NetworkManager */,
				843248C31EF75AB3001A2C86 /* Image */,
				843248C21EF75A9E001A2C86 /* AppDelegate */,
				843248BE1EF75A91001A2C86 /* MVC */,
			);
			path = iweather;
			sourceTree = "<group>";
		};
		843248BE1EF75A91001A2C86 /* MVC */ = {
			isa = PBXGroup;
			children = (
				843248D11EF7700E001A2C86 /* Model */,
				841B5F881EFB993500632357 /* CellHome */,
				841B5F911EFB997500632357 /* CellDetail */,
				84C665701F00DFAC004604D8 /* CellSearch */,
				843248C01EF75A91001A2C86 /* Home */,
				843248C11EF75A91001A2C86 /* View */,
			);
			path = MVC;
			sourceTree = "<group>";
		};
		843248C01EF75A91001A2C86 /* Home */ = {
			isa = PBXGroup;
			children = (
				843248C41EF75AEE001A2C86 /* HomeVC.swift */,
				843248CF1EF76CFD001A2C86 /* SearchVC.swift */,
				843248D81EF7E191001A2C86 /* HomeDetailVC.swift */,
			);
			path = Home;
			sourceTree = "<group>";
		};
		843248C11EF75A91001A2C86 /* View */ = {
			isa = PBXGroup;
			children = (
				8490980C1EFAD0BD00DA288F /* Main.storyboard */,
			);
			path = View;
			sourceTree = "<group>";
		};
		843248C21EF75A9E001A2C86 /* AppDelegate */ = {
			isa = PBXGroup;
			children = (
				843248AC1EF759E3001A2C86 /* AppDelegate.swift */,
			);
			path = AppDelegate;
			sourceTree = "<group>";
		};
		843248C31EF75AB3001A2C86 /* Image */ = {
			isa = PBXGroup;
			children = (
				848E5C091F0B9F220098F4EF /* location.png */,
				846619271F04A08E00C2954D /* sunset.png */,
				846619261F04A08E00C2954D /* sunrise.png */,
				84309D811F0390AA002B5CD0 /* 1234.png */,
				843248DA1EF7E6AD001A2C86 /* menu.png */,
				843248CD1EF764B2001A2C86 /* plus.png */,
			);
			path = Image;
			sourceTree = "<group>";
		};
		843248C61EF75B46001A2C86 /* NetworkManager */ = {
			isa = PBXGroup;
			children = (
				843248C71EF7614E001A2C86 /* NetworkManager.swift */,
				841A2AB21F05E7210052FC4E /* DataTempHours.swift */,
			);
			path = NetworkManager;
			sourceTree = "<group>";
		};
		843248D11EF7700E001A2C86 /* Model */ = {
			isa = PBXGroup;
			children = (
				843248D21EF7704E001A2C86 /* IweatheModel.swift */,
				8475A2DC1EF9327A00412025 /* ForecastModel.swift */,
				84C665751F00E287004604D8 /* SearchModel.swift */,
				84C665771F00EF6E004604D8 /* ResulfSearchModel.swift */,
				8466192A1F04F97800C2954D /* TempHoursModel.swift */,
			);
			path = Model;
			sourceTree = "<group>";
		};
		84C665701F00DFAC004604D8 /* CellSearch */ = {
			isa = PBXGroup;
			children = (
				84C665711F00DFE3004604D8 /* MyCellSearch.swift */,
				84C665721F00DFE3004604D8 /* MyCellSearch.xib */,
			);
			name = CellSearch;
			path = CellDetail/CellSearch;
			sourceTree = "<group>";
		};
		90B32AB43286207F17791301 /* Frameworks */ = {
			isa = PBXGroup;
			children = (
				8490980A1EFACE6900DA288F /* Pods_iweather.framework */,
				E202ADDA2A4B9ECD06F93CF6 /* Pods_iweather.framework */,
			);
			name = Frameworks;
			sourceTree = "<group>";
		};
		D33B86BE89C1B57BCF4FFB88 /* Pods */ = {
			isa = PBXGroup;
			children = (
				6DBD13929700202BC24F1459 /* Pods-iweather.debug.xcconfig */,
				15CC17203C2D237A192A3F7A /* Pods-iweather.release.xcconfig */,
			);
			name = Pods;
			sourceTree = "<group>";
		};
/* End PBXGroup section */

/* Begin PBXNativeTarget section */
		843248A81EF759E3001A2C86 /* iweather */ = {
			isa = PBXNativeTarget;
			buildConfigurationList = 843248BB1EF759E3001A2C86 /* Build configuration list for PBXNativeTarget "iweather" */;
			buildPhases = (
				31E469715D176F1168DDB328 /* [CP] Check Pods Manifest.lock */,
				843248A51EF759E3001A2C86 /* Sources */,
				843248A61EF759E3001A2C86 /* Frameworks */,
				843248A71EF759E3001A2C86 /* Resources */,
				DAE1552FA39997852D141222 /* [CP] Embed Pods Frameworks */,
				5918AB016C69B4B8B99BF836 /* [CP] Copy Pods Resources */,
			);
			buildRules = (
			);
			dependencies = (
			);
			name = iweather;
			productName = iweather;
			productReference = 843248A91EF759E3001A2C86 /* iweather.app */;
			productType = "com.apple.product-type.application";
		};
/* End PBXNativeTarget section */

/* Begin PBXProject section */
		843248A11EF759E3001A2C86 /* Project object */ = {
			isa = PBXProject;
			attributes = {
				LastSwiftUpdateCheck = 0830;
				LastUpgradeCheck = 0830;
				ORGANIZATIONNAME = MyStudio;
				TargetAttributes = {
					843248A81EF759E3001A2C86 = {
						CreatedOnToolsVersion = 8.3.2;
						DevelopmentTeam = 84RK425W2T;
						LastSwiftMigration = 0820;
						ProvisioningStyle = Automatic;
					};
				};
			};
			buildConfigurationList = 843248A41EF759E3001A2C86 /* Build configuration list for PBXProject "iweather" */;
			compatibilityVersion = "Xcode 3.2";
			developmentRegion = English;
			hasScannedForEncodings = 0;
			knownRegions = (
				en,
				Base,
			);
			mainGroup = 843248A01EF759E3001A2C86;
			productRefGroup = 843248AA1EF759E3001A2C86 /* Products */;
			projectDirPath = "";
			projectRoot = "";
			targets = (
				843248A81EF759E3001A2C86 /* iweather */,
			);
		};
/* End PBXProject section */

/* Begin PBXResourcesBuildPhase section */
		843248A71EF759E3001A2C86 /* Resources */ = {
			isa = PBXResourcesBuildPhase;
			buildActionMask = 2147483647;
			files = (
				8309BA6D1EFA011A0055A13A /* Info.plist in Resources */,
				84309D861F03AE63002B5CD0 /* myCellTempHour.xib in Resources */,
				84309D821F0390AA002B5CD0 /* 1234.png in Resources */,
				84DD4BFC1F020254005120F2 /* MyCollectionViewCell.xib in Resources */,
				84F36D571EFCFFBE0057B481 /* MyCellTemp10Day.xib in Resources */,
				84C665741F00DFE3004604D8 /* MyCellSearch.xib in Resources */,
				84F36D5F1EFD05920057B481 /* MyCellInfomationWeather.xib in Resources */,
				841B5F8E1EFB993500632357 /* MyCellLast.xib in Resources */,
				843248DB1EF7E6AD001A2C86 /* menu.png in Resources */,
				846619281F04A08E00C2954D /* sunrise.png in Resources */,
				8490980D1EFAD0BD00DA288F /* Main.storyboard in Resources */,
				848E5C0A1F0B9F220098F4EF /* location.png in Resources */,
				843248B71EF759E3001A2C86 /* LaunchScreen.storyboard in Resources */,
				841B5F901EFB993500632357 /* MyCellWeather.xib in Resources */,
				842919BB1EFBAF28001FB6F5 /* MyHeader.xib in Resources */,
				843248CE1EF764B2001A2C86 /* plus.png in Resources */,
				84F36D5B1EFD054F0057B481 /* MyCellInfomationLocation.xib in Resources */,
				846619291F04A08E00C2954D /* sunset.png in Resources */,
				8309BA6F1EFA01370055A13A /* Assets.xcassets in Resources */,
			);
			runOnlyForDeploymentPostprocessing = 0;
		};
/* End PBXResourcesBuildPhase section */

/* Begin PBXShellScriptBuildPhase section */
		31E469715D176F1168DDB328 /* [CP] Check Pods Manifest.lock */ = {
			isa = PBXShellScriptBuildPhase;
			buildActionMask = 2147483647;
			files = (
			);
			inputPaths = (
			);
			name = "[CP] Check Pods Manifest.lock";
			outputPaths = (
			);
			runOnlyForDeploymentPostprocessing = 0;
			shellPath = /bin/sh;
			shellScript = "diff \"${PODS_PODFILE_DIR_PATH}/Podfile.lock\" \"${PODS_ROOT}/Manifest.lock\" > /dev/null\nif [ $? != 0 ] ; then\n    # print error to STDERR\n    echo \"error: The sandbox is not in sync with the Podfile.lock. Run 'pod install' or update your CocoaPods installation.\" >&2\n    exit 1\nfi\n";
			showEnvVarsInLog = 0;
		};
		5918AB016C69B4B8B99BF836 /* [CP] Copy Pods Resources */ = {
			isa = PBXShellScriptBuildPhase;
			buildActionMask = 2147483647;
			files = (
			);
			inputPaths = (
			);
			name = "[CP] Copy Pods Resources";
			outputPaths = (
			);
			runOnlyForDeploymentPostprocessing = 0;
			shellPath = /bin/sh;
			shellScript = "\"${SRCROOT}/Pods/Target Support Files/Pods-iweather/Pods-iweather-resources.sh\"\n";
			showEnvVarsInLog = 0;
		};
		DAE1552FA39997852D141222 /* [CP] Embed Pods Frameworks */ = {
			isa = PBXShellScriptBuildPhase;
			buildActionMask = 2147483647;
			files = (
			);
			inputPaths = (
			);
			name = "[CP] Embed Pods Frameworks";
			outputPaths = (
			);
			runOnlyForDeploymentPostprocessing = 0;
			shellPath = /bin/sh;
			shellScript = "\"${SRCROOT}/Pods/Target Support Files/Pods-iweather/Pods-iweather-frameworks.sh\"\n";
			showEnvVarsInLog = 0;
		};
/* End PBXShellScriptBuildPhase section */

/* Begin PBXSourcesBuildPhase section */
		843248A51EF759E3001A2C86 /* Sources */ = {
			isa = PBXSourcesBuildPhase;
			buildActionMask = 2147483647;
			files = (
				84F36D5E1EFD05920057B481 /* MyCellInfomationWeather.swift in Sources */,
				841B5F8F1EFB993500632357 /* MyCellWeather.swift in Sources */,
				84DD4BFB1F020254005120F2 /* MyCollectionViewCell.swift in Sources */,
				843248C81EF7614E001A2C86 /* NetworkManager.swift in Sources */,
				84C665761F00E287004604D8 /* SearchModel.swift in Sources */,
				843248D31EF7704E001A2C86 /* IweatheModel.swift in Sources */,
				841B5F871EFB79D800632357 /* EZLoadingActivity.swift in Sources */,
				841B5F971EFBA12500632357 /* MyHeaderInSection.swift in Sources */,
				84F36D5A1EFD054F0057B481 /* MyCellInfomationLocation.swift in Sources */,
				84C665781F00EF6E004604D8 /* ResulfSearchModel.swift in Sources */,
				84C665731F00DFE3004604D8 /* MyCellSearch.swift in Sources */,
				843248D91EF7E191001A2C86 /* HomeDetailVC.swift in Sources */,
				843248D01EF76CFD001A2C86 /* SearchVC.swift in Sources */,
				84F36D561EFCFFBE0057B481 /* MyCellTemp10Day.swift in Sources */,
				8475A2DD1EF9327A00412025 /* ForecastModel.swift in Sources */,
				841A2AB31F05E7210052FC4E /* DataTempHours.swift in Sources */,
				8466192B1F04F97800C2954D /* TempHoursModel.swift in Sources */,
				843248AD1EF759E3001A2C86 /* AppDelegate.swift in Sources */,
				84DD4BFE1F021319005120F2 /* StringExtension.swift in Sources */,
				841B5F8D1EFB993500632357 /* MyCellLast.swift in Sources */,
				843248C51EF75AEE001A2C86 /* HomeVC.swift in Sources */,
				84309D851F03AE63002B5CD0 /* myCellTempHour.swift in Sources */,
			);
			runOnlyForDeploymentPostprocessing = 0;
		};
/* End PBXSourcesBuildPhase section */

/* Begin PBXVariantGroup section */
		843248B51EF759E3001A2C86 /* LaunchScreen.storyboard */ = {
			isa = PBXVariantGroup;
			children = (
				843248B61EF759E3001A2C86 /* Base */,
			);
			name = LaunchScreen.storyboard;
			path = ..;
			sourceTree = "<group>";
		};
/* End PBXVariantGroup section */

/* Begin XCBuildConfiguration section */
		843248B91EF759E3001A2C86 /* Debug */ = {
			isa = XCBuildConfiguration;
			buildSettings = {
				ALWAYS_SEARCH_USER_PATHS = NO;
				CLANG_ANALYZER_NONNULL = YES;
				CLANG_ANALYZER_NUMBER_OBJECT_CONVERSION = YES_AGGRESSIVE;
				CLANG_CXX_LANGUAGE_STANDARD = "gnu++0x";
				CLANG_CXX_LIBRARY = "libc++";
				CLANG_ENABLE_MODULES = YES;
				CLANG_ENABLE_OBJC_ARC = YES;
				CLANG_WARN_BOOL_CONVERSION = YES;
				CLANG_WARN_CONSTANT_CONVERSION = YES;
				CLANG_WARN_DIRECT_OBJC_ISA_USAGE = YES_ERROR;
				CLANG_WARN_DOCUMENTATION_COMMENTS = YES;
				CLANG_WARN_EMPTY_BODY = YES;
				CLANG_WARN_ENUM_CONVERSION = YES;
				CLANG_WARN_INFINITE_RECURSION = YES;
				CLANG_WARN_INT_CONVERSION = YES;
				CLANG_WARN_OBJC_ROOT_CLASS = YES_ERROR;
				CLANG_WARN_SUSPICIOUS_MOVE = YES;
				CLANG_WARN_UNREACHABLE_CODE = YES;
				CLANG_WARN__DUPLICATE_METHOD_MATCH = YES;
				"CODE_SIGN_IDENTITY[sdk=iphoneos*]" = "iPhone Developer";
				COPY_PHASE_STRIP = NO;
				DEBUG_INFORMATION_FORMAT = dwarf;
				ENABLE_STRICT_OBJC_MSGSEND = YES;
				ENABLE_TESTABILITY = YES;
				GCC_C_LANGUAGE_STANDARD = gnu99;
				GCC_DYNAMIC_NO_PIC = NO;
				GCC_NO_COMMON_BLOCKS = YES;
				GCC_OPTIMIZATION_LEVEL = 0;
				GCC_PREPROCESSOR_DEFINITIONS = (
					"DEBUG=1",
					"$(inherited)",
				);
				GCC_WARN_64_TO_32_BIT_CONVERSION = YES;
				GCC_WARN_ABOUT_RETURN_TYPE = YES_ERROR;
				GCC_WARN_UNDECLARED_SELECTOR = YES;
				GCC_WARN_UNINITIALIZED_AUTOS = YES_AGGRESSIVE;
				GCC_WARN_UNUSED_FUNCTION = YES;
				GCC_WARN_UNUSED_VARIABLE = YES;
				IPHONEOS_DEPLOYMENT_TARGET = 9.0;
				MTL_ENABLE_DEBUG_INFO = YES;
				ONLY_ACTIVE_ARCH = YES;
				SDKROOT = iphoneos;
				SWIFT_ACTIVE_COMPILATION_CONDITIONS = DEBUG;
				SWIFT_OPTIMIZATION_LEVEL = "-Onone";
				TARGETED_DEVICE_FAMILY = "1,2";
			};
			name = Debug;
		};
		843248BA1EF759E3001A2C86 /* Release */ = {
			isa = XCBuildConfiguration;
			buildSettings = {
				ALWAYS_SEARCH_USER_PATHS = NO;
				CLANG_ANALYZER_NONNULL = YES;
				CLANG_ANALYZER_NUMBER_OBJECT_CONVERSION = YES_AGGRESSIVE;
				CLANG_CXX_LANGUAGE_STANDARD = "gnu++0x";
				CLANG_CXX_LIBRARY = "libc++";
				CLANG_ENABLE_MODULES = YES;
				CLANG_ENABLE_OBJC_ARC = YES;
				CLANG_WARN_BOOL_CONVERSION = YES;
				CLANG_WARN_CONSTANT_CONVERSION = YES;
				CLANG_WARN_DIRECT_OBJC_ISA_USAGE = YES_ERROR;
				CLANG_WARN_DOCUMENTATION_COMMENTS = YES;
				CLANG_WARN_EMPTY_BODY = YES;
				CLANG_WARN_ENUM_CONVERSION = YES;
				CLANG_WARN_INFINITE_RECURSION = YES;
				CLANG_WARN_INT_CONVERSION = YES;
				CLANG_WARN_OBJC_ROOT_CLASS = YES_ERROR;
				CLANG_WARN_SUSPICIOUS_MOVE = YES;
				CLANG_WARN_UNREACHABLE_CODE = YES;
				CLANG_WARN__DUPLICATE_METHOD_MATCH = YES;
				"CODE_SIGN_IDENTITY[sdk=iphoneos*]" = "iPhone Developer";
				COPY_PHASE_STRIP = NO;
				DEBUG_INFORMATION_FORMAT = "dwarf-with-dsym";
				ENABLE_NS_ASSERTIONS = NO;
				ENABLE_STRICT_OBJC_MSGSEND = YES;
				GCC_C_LANGUAGE_STANDARD = gnu99;
				GCC_NO_COMMON_BLOCKS = YES;
				GCC_WARN_64_TO_32_BIT_CONVERSION = YES;
				GCC_WARN_ABOUT_RETURN_TYPE = YES_ERROR;
				GCC_WARN_UNDECLARED_SELECTOR = YES;
				GCC_WARN_UNINITIALIZED_AUTOS = YES_AGGRESSIVE;
				GCC_WARN_UNUSED_FUNCTION = YES;
				GCC_WARN_UNUSED_VARIABLE = YES;
				IPHONEOS_DEPLOYMENT_TARGET = 9.0;
				MTL_ENABLE_DEBUG_INFO = NO;
				SDKROOT = iphoneos;
				SWIFT_OPTIMIZATION_LEVEL = "-Owholemodule";
				TARGETED_DEVICE_FAMILY = "1,2";
				VALIDATE_PRODUCT = YES;
			};
			name = Release;
		};
		843248BC1EF759E3001A2C86 /* Debug */ = {
			isa = XCBuildConfiguration;
			baseConfigurationReference = 6DBD13929700202BC24F1459 /* Pods-iweather.debug.xcconfig */;
			buildSettings = {
				ASSETCATALOG_COMPILER_APPICON_NAME = AppIcon;
				ASSETCATALOG_COMPILER_LAUNCHIMAGE_NAME = LaunchImage;
				DEVELOPMENT_TEAM = 84RK425W2T;
				INFOPLIST_FILE = iweather/Info.plist;
				LD_RUNPATH_SEARCH_PATHS = "$(inherited) @executable_path/Frameworks";
				PRODUCT_BUNDLE_IDENTIFIER = com.mrtienvu123.iweather;
				PRODUCT_NAME = "$(TARGET_NAME)";
				SWIFT_VERSION = 3.0;
			};
			name = Debug;
		};
		843248BD1EF759E3001A2C86 /* Release */ = {
			isa = XCBuildConfiguration;
			baseConfigurationReference = 15CC17203C2D237A192A3F7A /* Pods-iweather.release.xcconfig */;
			buildSettings = {
				ASSETCATALOG_COMPILER_APPICON_NAME = AppIcon;
				ASSETCATALOG_COMPILER_LAUNCHIMAGE_NAME = LaunchImage;
				DEVELOPMENT_TEAM = 84RK425W2T;
				INFOPLIST_FILE = iweather/Info.plist;
				LD_RUNPATH_SEARCH_PATHS = "$(inherited) @executable_path/Frameworks";
				PRODUCT_BUNDLE_IDENTIFIER = com.mrtienvu123.iweather;
				PRODUCT_NAME = "$(TARGET_NAME)";
				SWIFT_VERSION = 3.0;
			};
			name = Release;
		};
/* End XCBuildConfiguration section */

/* Begin XCConfigurationList section */
		843248A41EF759E3001A2C86 /* Build configuration list for PBXProject "iweather" */ = {
			isa = XCConfigurationList;
			buildConfigurations = (
				843248B91EF759E3001A2C86 /* Debug */,
				843248BA1EF759E3001A2C86 /* Release */,
			);
			defaultConfigurationIsVisible = 0;
			defaultConfigurationName = Release;
		};
		843248BB1EF759E3001A2C86 /* Build configuration list for PBXNativeTarget "iweather" */ = {
			isa = XCConfigurationList;
			buildConfigurations = (
				843248BC1EF759E3001A2C86 /* Debug */,
				843248BD1EF759E3001A2C86 /* Release */,
			);
			defaultConfigurationIsVisible = 0;
			defaultConfigurationName = Release;
		};
/* End XCConfigurationList section */
	};
	rootObject = 843248A11EF759E3001A2C86 /* Project object */;
}
